// !$*UTF8*$!
{
	archiveVersion = 1;
	classes = {
	};
	objectVersion = 56;
	objects = {

/* Begin PBXBuildFile section */
		3D01A4302C8FF7BA007DE38D /* HW3_4.c in Sources */ = {isa = PBXBuildFile; fileRef = 3D01A42F2C8FF7BA007DE38D /* HW3_4.c */; };
		3D01A4322CA23D59007DE38D /* ex_4_1.c in Sources */ = {isa = PBXBuildFile; fileRef = 3D01A4312CA23D59007DE38D /* ex_4_1.c */; };
		3D01A4342CA24BEA007DE38D /* ex_4_2.c in Sources */ = {isa = PBXBuildFile; fileRef = 3D01A4332CA24BEA007DE38D /* ex_4_2.c */; };
		3D01A4362CA25A27007DE38D /* ex_4_3.c in Sources */ = {isa = PBXBuildFile; fileRef = 3D01A4352CA25A27007DE38D /* ex_4_3.c */; };
		3D01A4382CA25D59007DE38D /* ex_4_4.c in Sources */ = {isa = PBXBuildFile; fileRef = 3D01A4372CA25D59007DE38D /* ex_4_4.c */; };
		3D01A43A2CA25FA0007DE38D /* ex_4_5.c in Sources */ = {isa = PBXBuildFile; fileRef = 3D01A4392CA25FA0007DE38D /* ex_4_5.c */; };
		3D01A43C2CA26232007DE38D /* ex_4_6.c in Sources */ = {isa = PBXBuildFile; fileRef = 3D01A43B2CA26232007DE38D /* ex_4_6.c */; };
		3D01A43E2CA26574007DE38D /* ex_4_7.c in Sources */ = {isa = PBXBuildFile; fileRef = 3D01A43D2CA26574007DE38D /* ex_4_7.c */; };
		3D01A4402CA2664E007DE38D /* ex_4_8.c in Sources */ = {isa = PBXBuildFile; fileRef = 3D01A43F2CA2664E007DE38D /* ex_4_8.c */; };
		3D01A4422CA26B31007DE38D /* HW4_1.c in Sources */ = {isa = PBXBuildFile; fileRef = 3D01A4412CA26B31007DE38D /* HW4_1.c */; };
		3D01A4442CA5209F007DE38D /* HW4_2.c in Sources */ = {isa = PBXBuildFile; fileRef = 3D01A4432CA5209F007DE38D /* HW4_2.c */; };
		3D01A4462CA521D8007DE38D /* HW4_3.c in Sources */ = {isa = PBXBuildFile; fileRef = 3D01A4452CA521D8007DE38D /* HW4_3.c */; };
		3D01A4482CA5231A007DE38D /* HW4_4.c in Sources */ = {isa = PBXBuildFile; fileRef = 3D01A4472CA5231A007DE38D /* HW4_4.c */; };
		3D01A44A2CA5240D007DE38D /* HW4_5.c in Sources */ = {isa = PBXBuildFile; fileRef = 3D01A4492CA5240D007DE38D /* HW4_5.c */; };
		3D01A44C2CAB7A55007DE38D /* ex_5_1.c in Sources */ = {isa = PBXBuildFile; fileRef = 3D01A44B2CAB7A55007DE38D /* ex_5_1.c */; };
		3D01A44E2CAB7BF5007DE38D /* ex_5_2.c in Sources */ = {isa = PBXBuildFile; fileRef = 3D01A44D2CAB7BF5007DE38D /* ex_5_2.c */; };
		3D01A4502CAB929B007DE38D /* ex_5_3.c in Sources */ = {isa = PBXBuildFile; fileRef = 3D01A44F2CAB929B007DE38D /* ex_5_3.c */; };
		3D01A4522CAB9361007DE38D /* ex_5_4.c in Sources */ = {isa = PBXBuildFile; fileRef = 3D01A4512CAB9361007DE38D /* ex_5_4.c */; };
		3D01A4542CAB9D0B007DE38D /* ex_5_5.c in Sources */ = {isa = PBXBuildFile; fileRef = 3D01A4532CAB9D0B007DE38D /* ex_5_5.c */; };
		3D01A4562CABA0E4007DE38D /* ex_5_6.c in Sources */ = {isa = PBXBuildFile; fileRef = 3D01A4552CABA0E4007DE38D /* ex_5_6.c */; };
		3D01A4E92CAF61D5007DE38D /* ex_5_7.c in Sources */ = {isa = PBXBuildFile; fileRef = 3D01A4E82CAF61D5007DE38D /* ex_5_7.c */; };
		3D01A4ED2CAF6518007DE38D /* ex_5_9.c in Sources */ = {isa = PBXBuildFile; fileRef = 3D01A4EC2CAF6518007DE38D /* ex_5_9.c */; };
		3D01A4EF2CAF8A22007DE38D /* ex_5_10.c in Sources */ = {isa = PBXBuildFile; fileRef = 3D01A4EE2CAF8A22007DE38D /* ex_5_10.c */; };
		3D01A4F12CAF8CDF007DE38D /* HW5_1.c in Sources */ = {isa = PBXBuildFile; fileRef = 3D01A4F02CAF8CDF007DE38D /* HW5_1.c */; };
		3D01A4F32CAF8EC6007DE38D /* HW5_2.c in Sources */ = {isa = PBXBuildFile; fileRef = 3D01A4F22CAF8EC6007DE38D /* HW5_2.c */; };
		3D01A4F72CAF9784007DE38D /* ex_5_8.c in Sources */ = {isa = PBXBuildFile; fileRef = 3D01A4F62CAF9784007DE38D /* ex_5_8.c */; };
		3D01A4F92CAF98F0007DE38D /* HW5_3.c in Sources */ = {isa = PBXBuildFile; fileRef = 3D01A4F82CAF98F0007DE38D /* HW5_3.c */; };
		3D09CB512C8FC81200DEB171 /* ex3_1.c in Sources */ = {isa = PBXBuildFile; fileRef = 3D09CB502C8FC81200DEB171 /* ex3_1.c */; };
		3D09CB542C8FDC1D00DEB171 /* HW3_1.c in Sources */ = {isa = PBXBuildFile; fileRef = 3D09CB532C8FDC1D00DEB171 /* HW3_1.c */; };
		3D5D9E3C2C8FE5E800604F6D /* ex3_2.c in Sources */ = {isa = PBXBuildFile; fileRef = 3D5D9E3B2C8FE5E800604F6D /* ex3_2.c */; };
		3D5D9E3E2C8FE78300604F6D /* ex3_3.c in Sources */ = {isa = PBXBuildFile; fileRef = 3D5D9E3D2C8FE78300604F6D /* ex3_3.c */; };
		3D5D9E402C8FEAD300604F6D /* ex3_4.c in Sources */ = {isa = PBXBuildFile; fileRef = 3D5D9E3F2C8FEAD300604F6D /* ex3_4.c */; };
		3D5D9E422C8FF08F00604F6D /* HW3_2.c in Sources */ = {isa = PBXBuildFile; fileRef = 3D5D9E412C8FF08F00604F6D /* HW3_2.c */; };
		3D5D9E442C8FF1A900604F6D /* HW3_3.c in Sources */ = {isa = PBXBuildFile; fileRef = 3D5D9E432C8FF1A900604F6D /* HW3_3.c */; };
		3D82FCC82C893B0A00002501 /* HW2_1.c in Sources */ = {isa = PBXBuildFile; fileRef = 3D82FCC72C893B0A00002501 /* HW2_1.c */; };
		3D82FCCA2C893BD300002501 /* HW2_2.c in Sources */ = {isa = PBXBuildFile; fileRef = 3D82FCC92C893BD300002501 /* HW2_2.c */; };
		3D82FCCC2C8949D300002501 /* HW2_3.c in Sources */ = {isa = PBXBuildFile; fileRef = 3D82FCCB2C8949D300002501 /* HW2_3.c */; };
		3D971F1A2C8692B100AD24B3 /* work01.c in Sources */ = {isa = PBXBuildFile; fileRef = 3D971F192C8692B100AD24B3 /* work01.c */; };
		3D971F1E2C8692DF00AD24B3 /* work02.c in Sources */ = {isa = PBXBuildFile; fileRef = 3D971F1D2C8692DF00AD24B3 /* work02.c */; };
		3D971F202C8692EE00AD24B3 /* work03.c in Sources */ = {isa = PBXBuildFile; fileRef = 3D971F1F2C8692EE00AD24B3 /* work03.c */; };
		3D971F222C8692F600AD24B3 /* work04.c in Sources */ = {isa = PBXBuildFile; fileRef = 3D971F212C8692F600AD24B3 /* work04.c */; };
		3D971F242C8692FA00AD24B3 /* work05.c in Sources */ = {isa = PBXBuildFile; fileRef = 3D971F232C8692FA00AD24B3 /* work05.c */; };
		3D971F2C2C86930400AD24B3 /* work08.c in Sources */ = {isa = PBXBuildFile; fileRef = 3D971F252C86930400AD24B3 /* work08.c */; };
		3D971F2D2C86930400AD24B3 /* work11.c in Sources */ = {isa = PBXBuildFile; fileRef = 3D971F262C86930400AD24B3 /* work11.c */; };
		3D971F2E2C86930400AD24B3 /* work07.c in Sources */ = {isa = PBXBuildFile; fileRef = 3D971F272C86930400AD24B3 /* work07.c */; };
		3D971F2F2C86930400AD24B3 /* work12.c in Sources */ = {isa = PBXBuildFile; fileRef = 3D971F282C86930400AD24B3 /* work12.c */; };
		3D971F302C86930400AD24B3 /* work10.c in Sources */ = {isa = PBXBuildFile; fileRef = 3D971F292C86930400AD24B3 /* work10.c */; };
		3D971F312C86930400AD24B3 /* work09.c in Sources */ = {isa = PBXBuildFile; fileRef = 3D971F2A2C86930400AD24B3 /* work09.c */; };
		3D971F322C86930400AD24B3 /* work06.c in Sources */ = {isa = PBXBuildFile; fileRef = 3D971F2B2C86930400AD24B3 /* work06.c */; };
		3D971F372C86930F00AD24B3 /* work14.c in Sources */ = {isa = PBXBuildFile; fileRef = 3D971F332C86930F00AD24B3 /* work14.c */; };
		3D971F382C86930F00AD24B3 /* work16.c in Sources */ = {isa = PBXBuildFile; fileRef = 3D971F342C86930F00AD24B3 /* work16.c */; };
		3D971F392C86930F00AD24B3 /* work15.c in Sources */ = {isa = PBXBuildFile; fileRef = 3D971F352C86930F00AD24B3 /* work15.c */; };
		3D971F3A2C86930F00AD24B3 /* work13.c in Sources */ = {isa = PBXBuildFile; fileRef = 3D971F362C86930F00AD24B3 /* work13.c */; };
		3D971F432C869E2B00AD24B3 /* ex2_3.c in Sources */ = {isa = PBXBuildFile; fileRef = 3D971F422C869E2B00AD24B3 /* ex2_3.c */; };
		3D971F452C869F2600AD24B3 /* ex2_4.c in Sources */ = {isa = PBXBuildFile; fileRef = 3D971F442C869F2600AD24B3 /* ex2_4.c */; };
		3D971F472C86AD0D00AD24B3 /* ex2_5.c in Sources */ = {isa = PBXBuildFile; fileRef = 3D971F462C86AD0D00AD24B3 /* ex2_5.c */; };
		3D971F492C86BA3900AD24B3 /* ex2_6.c in Sources */ = {isa = PBXBuildFile; fileRef = 3D971F482C86BA3900AD24B3 /* ex2_6.c */; };
/* End PBXBuildFile section */

/* Begin PBXCopyFilesBuildPhase section */
		3D971F0D2C86928200AD24B3 /* CopyFiles */ = {
			isa = PBXCopyFilesBuildPhase;
			buildActionMask = 2147483647;
			dstPath = /usr/share/man/man1/;
			dstSubfolderSpec = 0;
			files = (
			);
			runOnlyForDeploymentPostprocessing = 1;
		};
/* End PBXCopyFilesBuildPhase section */

/* Begin PBXFileReference section */
		3D01A42F2C8FF7BA007DE38D /* HW3_4.c */ = {isa = PBXFileReference; lastKnownFileType = sourcecode.c.c; path = HW3_4.c; sourceTree = "<group>"; };
		3D01A4312CA23D59007DE38D /* ex_4_1.c */ = {isa = PBXFileReference; lastKnownFileType = sourcecode.c.c; path = ex_4_1.c; sourceTree = "<group>"; };
		3D01A4332CA24BEA007DE38D /* ex_4_2.c */ = {isa = PBXFileReference; lastKnownFileType = sourcecode.c.c; path = ex_4_2.c; sourceTree = "<group>"; };
		3D01A4352CA25A27007DE38D /* ex_4_3.c */ = {isa = PBXFileReference; lastKnownFileType = sourcecode.c.c; path = ex_4_3.c; sourceTree = "<group>"; };
		3D01A4372CA25D59007DE38D /* ex_4_4.c */ = {isa = PBXFileReference; lastKnownFileType = sourcecode.c.c; path = ex_4_4.c; sourceTree = "<group>"; };
		3D01A4392CA25FA0007DE38D /* ex_4_5.c */ = {isa = PBXFileReference; lastKnownFileType = sourcecode.c.c; path = ex_4_5.c; sourceTree = "<group>"; };
		3D01A43B2CA26232007DE38D /* ex_4_6.c */ = {isa = PBXFileReference; lastKnownFileType = sourcecode.c.c; path = ex_4_6.c; sourceTree = "<group>"; };
		3D01A43D2CA26574007DE38D /* ex_4_7.c */ = {isa = PBXFileReference; lastKnownFileType = sourcecode.c.c; path = ex_4_7.c; sourceTree = "<group>"; };
		3D01A43F2CA2664E007DE38D /* ex_4_8.c */ = {isa = PBXFileReference; lastKnownFileType = sourcecode.c.c; path = ex_4_8.c; sourceTree = "<group>"; };
		3D01A4412CA26B31007DE38D /* HW4_1.c */ = {isa = PBXFileReference; lastKnownFileType = sourcecode.c.c; path = HW4_1.c; sourceTree = "<group>"; };
		3D01A4432CA5209F007DE38D /* HW4_2.c */ = {isa = PBXFileReference; lastKnownFileType = sourcecode.c.c; path = HW4_2.c; sourceTree = "<group>"; };
		3D01A4452CA521D8007DE38D /* HW4_3.c */ = {isa = PBXFileReference; lastKnownFileType = sourcecode.c.c; path = HW4_3.c; sourceTree = "<group>"; };
		3D01A4472CA5231A007DE38D /* HW4_4.c */ = {isa = PBXFileReference; lastKnownFileType = sourcecode.c.c; path = HW4_4.c; sourceTree = "<group>"; };
		3D01A4492CA5240D007DE38D /* HW4_5.c */ = {isa = PBXFileReference; lastKnownFileType = sourcecode.c.c; path = HW4_5.c; sourceTree = "<group>"; };
		3D01A44B2CAB7A55007DE38D /* ex_5_1.c */ = {isa = PBXFileReference; lastKnownFileType = sourcecode.c.c; path = ex_5_1.c; sourceTree = "<group>"; };
		3D01A44D2CAB7BF5007DE38D /* ex_5_2.c */ = {isa = PBXFileReference; lastKnownFileType = sourcecode.c.c; path = ex_5_2.c; sourceTree = "<group>"; };
		3D01A44F2CAB929B007DE38D /* ex_5_3.c */ = {isa = PBXFileReference; lastKnownFileType = sourcecode.c.c; path = ex_5_3.c; sourceTree = "<group>"; };
		3D01A4512CAB9361007DE38D /* ex_5_4.c */ = {isa = PBXFileReference; lastKnownFileType = sourcecode.c.c; path = ex_5_4.c; sourceTree = "<group>"; };
		3D01A4532CAB9D0B007DE38D /* ex_5_5.c */ = {isa = PBXFileReference; lastKnownFileType = sourcecode.c.c; path = ex_5_5.c; sourceTree = "<group>"; };
		3D01A4552CABA0E4007DE38D /* ex_5_6.c */ = {isa = PBXFileReference; lastKnownFileType = sourcecode.c.c; path = ex_5_6.c; sourceTree = "<group>"; };
		3D01A4E82CAF61D5007DE38D /* ex_5_7.c */ = {isa = PBXFileReference; lastKnownFileType = sourcecode.c.c; path = ex_5_7.c; sourceTree = "<group>"; };
		3D01A4EC2CAF6518007DE38D /* ex_5_9.c */ = {isa = PBXFileReference; lastKnownFileType = sourcecode.c.c; path = ex_5_9.c; sourceTree = "<group>"; };
		3D01A4EE2CAF8A22007DE38D /* ex_5_10.c */ = {isa = PBXFileReference; lastKnownFileType = sourcecode.c.c; path = ex_5_10.c; sourceTree = "<group>"; };
		3D01A4F02CAF8CDF007DE38D /* HW5_1.c */ = {isa = PBXFileReference; lastKnownFileType = sourcecode.c.c; path = HW5_1.c; sourceTree = "<group>"; };
		3D01A4F22CAF8EC6007DE38D /* HW5_2.c */ = {isa = PBXFileReference; lastKnownFileType = sourcecode.c.c; path = HW5_2.c; sourceTree = "<group>"; };
		3D01A4F62CAF9784007DE38D /* ex_5_8.c */ = {isa = PBXFileReference; lastKnownFileType = sourcecode.c.c; path = ex_5_8.c; sourceTree = "<group>"; };
		3D01A4F82CAF98F0007DE38D /* HW5_3.c */ = {isa = PBXFileReference; lastKnownFileType = sourcecode.c.c; path = HW5_3.c; sourceTree = "<group>"; };
		3D09CB502C8FC81200DEB171 /* ex3_1.c */ = {isa = PBXFileReference; lastKnownFileType = sourcecode.c.c; path = ex3_1.c; sourceTree = "<group>"; };
		3D09CB532C8FDC1D00DEB171 /* HW3_1.c */ = {isa = PBXFileReference; lastKnownFileType = sourcecode.c.c; path = HW3_1.c; sourceTree = "<group>"; };
		3D5D9E3B2C8FE5E800604F6D /* ex3_2.c */ = {isa = PBXFileReference; lastKnownFileType = sourcecode.c.c; path = ex3_2.c; sourceTree = "<group>"; };
		3D5D9E3D2C8FE78300604F6D /* ex3_3.c */ = {isa = PBXFileReference; lastKnownFileType = sourcecode.c.c; path = ex3_3.c; sourceTree = "<group>"; };
		3D5D9E3F2C8FEAD300604F6D /* ex3_4.c */ = {isa = PBXFileReference; lastKnownFileType = sourcecode.c.c; path = ex3_4.c; sourceTree = "<group>"; };
		3D5D9E412C8FF08F00604F6D /* HW3_2.c */ = {isa = PBXFileReference; lastKnownFileType = sourcecode.c.c; path = HW3_2.c; sourceTree = "<group>"; };
		3D5D9E432C8FF1A900604F6D /* HW3_3.c */ = {isa = PBXFileReference; lastKnownFileType = sourcecode.c.c; path = HW3_3.c; sourceTree = "<group>"; };
		3D82FCC72C893B0A00002501 /* HW2_1.c */ = {isa = PBXFileReference; lastKnownFileType = sourcecode.c.c; path = HW2_1.c; sourceTree = "<group>"; };
		3D82FCC92C893BD300002501 /* HW2_2.c */ = {isa = PBXFileReference; lastKnownFileType = sourcecode.c.c; path = HW2_2.c; sourceTree = "<group>"; };
		3D82FCCB2C8949D300002501 /* HW2_3.c */ = {isa = PBXFileReference; lastKnownFileType = sourcecode.c.c; path = HW2_3.c; sourceTree = "<group>"; };
		3D971F0F2C86928200AD24B3 /* C_Programming_Tutorial */ = {isa = PBXFileReference; explicitFileType = "compiled.mach-o.executable"; includeInIndex = 0; path = C_Programming_Tutorial; sourceTree = BUILT_PRODUCTS_DIR; };
		3D971F192C8692B100AD24B3 /* work01.c */ = {isa = PBXFileReference; fileEncoding = 4; lastKnownFileType = sourcecode.c.c; path = work01.c; sourceTree = "<group>"; };
		3D971F1D2C8692DF00AD24B3 /* work02.c */ = {isa = PBXFileReference; fileEncoding = 4; lastKnownFileType = sourcecode.c.c; path = work02.c; sourceTree = "<group>"; };
		3D971F1F2C8692EE00AD24B3 /* work03.c */ = {isa = PBXFileReference; fileEncoding = 4; lastKnownFileType = sourcecode.c.c; path = work03.c; sourceTree = "<group>"; };
		3D971F212C8692F600AD24B3 /* work04.c */ = {isa = PBXFileReference; fileEncoding = 4; lastKnownFileType = sourcecode.c.c; path = work04.c; sourceTree = "<group>"; };
		3D971F232C8692FA00AD24B3 /* work05.c */ = {isa = PBXFileReference; fileEncoding = 4; lastKnownFileType = sourcecode.c.c; path = work05.c; sourceTree = "<group>"; };
		3D971F252C86930400AD24B3 /* work08.c */ = {isa = PBXFileReference; fileEncoding = 4; lastKnownFileType = sourcecode.c.c; path = work08.c; sourceTree = "<group>"; };
		3D971F262C86930400AD24B3 /* work11.c */ = {isa = PBXFileReference; fileEncoding = 4; lastKnownFileType = sourcecode.c.c; path = work11.c; sourceTree = "<group>"; };
		3D971F272C86930400AD24B3 /* work07.c */ = {isa = PBXFileReference; fileEncoding = 4; lastKnownFileType = sourcecode.c.c; path = work07.c; sourceTree = "<group>"; };
		3D971F282C86930400AD24B3 /* work12.c */ = {isa = PBXFileReference; fileEncoding = 4; lastKnownFileType = sourcecode.c.c; path = work12.c; sourceTree = "<group>"; };
		3D971F292C86930400AD24B3 /* work10.c */ = {isa = PBXFileReference; fileEncoding = 4; lastKnownFileType = sourcecode.c.c; path = work10.c; sourceTree = "<group>"; };
		3D971F2A2C86930400AD24B3 /* work09.c */ = {isa = PBXFileReference; fileEncoding = 4; lastKnownFileType = sourcecode.c.c; path = work09.c; sourceTree = "<group>"; };
		3D971F2B2C86930400AD24B3 /* work06.c */ = {isa = PBXFileReference; fileEncoding = 4; lastKnownFileType = sourcecode.c.c; path = work06.c; sourceTree = "<group>"; };
		3D971F332C86930F00AD24B3 /* work14.c */ = {isa = PBXFileReference; fileEncoding = 4; lastKnownFileType = sourcecode.c.c; path = work14.c; sourceTree = "<group>"; };
		3D971F342C86930F00AD24B3 /* work16.c */ = {isa = PBXFileReference; fileEncoding = 4; lastKnownFileType = sourcecode.c.c; path = work16.c; sourceTree = "<group>"; };
		3D971F352C86930F00AD24B3 /* work15.c */ = {isa = PBXFileReference; fileEncoding = 4; lastKnownFileType = sourcecode.c.c; path = work15.c; sourceTree = "<group>"; };
		3D971F362C86930F00AD24B3 /* work13.c */ = {isa = PBXFileReference; fileEncoding = 4; lastKnownFileType = sourcecode.c.c; path = work13.c; sourceTree = "<group>"; };
		3D971F422C869E2B00AD24B3 /* ex2_3.c */ = {isa = PBXFileReference; lastKnownFileType = sourcecode.c.c; path = ex2_3.c; sourceTree = "<group>"; };
		3D971F442C869F2600AD24B3 /* ex2_4.c */ = {isa = PBXFileReference; lastKnownFileType = sourcecode.c.c; path = ex2_4.c; sourceTree = "<group>"; };
		3D971F462C86AD0D00AD24B3 /* ex2_5.c */ = {isa = PBXFileReference; lastKnownFileType = sourcecode.c.c; path = ex2_5.c; sourceTree = "<group>"; };
		3D971F482C86BA3900AD24B3 /* ex2_6.c */ = {isa = PBXFileReference; lastKnownFileType = sourcecode.c.c; path = ex2_6.c; sourceTree = "<group>"; };
/* End PBXFileReference section */

/* Begin PBXFrameworksBuildPhase section */
		3D971F0C2C86928200AD24B3 /* Frameworks */ = {
			isa = PBXFrameworksBuildPhase;
			buildActionMask = 2147483647;
			files = (
			);
			runOnlyForDeploymentPostprocessing = 0;
		};
/* End PBXFrameworksBuildPhase section */

/* Begin PBXGroup section */
		3D82FCC62C893AF900002501 /* hw */ = {
			isa = PBXGroup;
			children = (
				3D82FCC72C893B0A00002501 /* HW2_1.c */,
				3D82FCC92C893BD300002501 /* HW2_2.c */,
				3D82FCCB2C8949D300002501 /* HW2_3.c */,
				3D09CB532C8FDC1D00DEB171 /* HW3_1.c */,
				3D5D9E412C8FF08F00604F6D /* HW3_2.c */,
				3D5D9E432C8FF1A900604F6D /* HW3_3.c */,
				3D01A42F2C8FF7BA007DE38D /* HW3_4.c */,
				3D01A4412CA26B31007DE38D /* HW4_1.c */,
				3D01A4432CA5209F007DE38D /* HW4_2.c */,
				3D01A4452CA521D8007DE38D /* HW4_3.c */,
				3D01A4472CA5231A007DE38D /* HW4_4.c */,
				3D01A4492CA5240D007DE38D /* HW4_5.c */,
				3D01A4F02CAF8CDF007DE38D /* HW5_1.c */,
				3D01A4F22CAF8EC6007DE38D /* HW5_2.c */,
				3D01A4F82CAF98F0007DE38D /* HW5_3.c */,
			);
			path = hw;
			sourceTree = "<group>";
		};
		3D971F062C86928200AD24B3 = {
			isa = PBXGroup;
			children = (
				3D971F112C86928200AD24B3 /* C_Programming_Tutorial */,
				3D971F102C86928200AD24B3 /* Products */,
			);
			sourceTree = "<group>";
		};
		3D971F102C86928200AD24B3 /* Products */ = {
			isa = PBXGroup;
			children = (
				3D971F0F2C86928200AD24B3 /* C_Programming_Tutorial */,
			);
			name = Products;
			sourceTree = "<group>";
		};
		3D971F112C86928200AD24B3 /* C_Programming_Tutorial */ = {
			isa = PBXGroup;
			children = (
				3D82FCC62C893AF900002501 /* hw */,
				3D971F3F2C86993000AD24B3 /* ex */,
				3D971F3B2C86933F00AD24B3 /* work */,
			);
			path = C_Programming_Tutorial;
			sourceTree = "<group>";
		};
		3D971F3B2C86933F00AD24B3 /* work */ = {
			isa = PBXGroup;
			children = (
				3D971F192C8692B100AD24B3 /* work01.c */,
				3D971F1D2C8692DF00AD24B3 /* work02.c */,
				3D971F1F2C8692EE00AD24B3 /* work03.c */,
				3D971F212C8692F600AD24B3 /* work04.c */,
				3D971F232C8692FA00AD24B3 /* work05.c */,
				3D971F2B2C86930400AD24B3 /* work06.c */,
				3D971F272C86930400AD24B3 /* work07.c */,
				3D971F252C86930400AD24B3 /* work08.c */,
				3D971F2A2C86930400AD24B3 /* work09.c */,
				3D971F292C86930400AD24B3 /* work10.c */,
				3D971F262C86930400AD24B3 /* work11.c */,
				3D971F282C86930400AD24B3 /* work12.c */,
				3D971F362C86930F00AD24B3 /* work13.c */,
				3D971F332C86930F00AD24B3 /* work14.c */,
				3D971F352C86930F00AD24B3 /* work15.c */,
				3D971F342C86930F00AD24B3 /* work16.c */,
			);
			path = work;
			sourceTree = "<group>";
		};
		3D971F3F2C86993000AD24B3 /* ex */ = {
			isa = PBXGroup;
			children = (
				3D971F422C869E2B00AD24B3 /* ex2_3.c */,
				3D971F442C869F2600AD24B3 /* ex2_4.c */,
				3D971F462C86AD0D00AD24B3 /* ex2_5.c */,
				3D971F482C86BA3900AD24B3 /* ex2_6.c */,
				3D09CB502C8FC81200DEB171 /* ex3_1.c */,
				3D5D9E3B2C8FE5E800604F6D /* ex3_2.c */,
				3D5D9E3D2C8FE78300604F6D /* ex3_3.c */,
				3D5D9E3F2C8FEAD300604F6D /* ex3_4.c */,
				3D01A4312CA23D59007DE38D /* ex_4_1.c */,
				3D01A4332CA24BEA007DE38D /* ex_4_2.c */,
				3D01A4352CA25A27007DE38D /* ex_4_3.c */,
				3D01A4372CA25D59007DE38D /* ex_4_4.c */,
				3D01A4392CA25FA0007DE38D /* ex_4_5.c */,
				3D01A43B2CA26232007DE38D /* ex_4_6.c */,
				3D01A43D2CA26574007DE38D /* ex_4_7.c */,
				3D01A43F2CA2664E007DE38D /* ex_4_8.c */,
				3D01A44B2CAB7A55007DE38D /* ex_5_1.c */,
				3D01A44D2CAB7BF5007DE38D /* ex_5_2.c */,
				3D01A44F2CAB929B007DE38D /* ex_5_3.c */,
				3D01A4512CAB9361007DE38D /* ex_5_4.c */,
				3D01A4532CAB9D0B007DE38D /* ex_5_5.c */,
				3D01A4552CABA0E4007DE38D /* ex_5_6.c */,
				3D01A4E82CAF61D5007DE38D /* ex_5_7.c */,
				3D01A4F62CAF9784007DE38D /* ex_5_8.c */,
				3D01A4EC2CAF6518007DE38D /* ex_5_9.c */,
				3D01A4EE2CAF8A22007DE38D /* ex_5_10.c */,
			);
			path = ex;
			sourceTree = "<group>";
		};
/* End PBXGroup section */

/* Begin PBXNativeTarget section */
		3D971F0E2C86928200AD24B3 /* C_Programming_Tutorial */ = {
			isa = PBXNativeTarget;
			buildConfigurationList = 3D971F162C86928200AD24B3 /* Build configuration list for PBXNativeTarget "C_Programming_Tutorial" */;
			buildPhases = (
				3D971F0B2C86928200AD24B3 /* Sources */,
				3D971F0C2C86928200AD24B3 /* Frameworks */,
				3D971F0D2C86928200AD24B3 /* CopyFiles */,
			);
			buildRules = (
			);
			dependencies = (
			);
			name = C_Programming_Tutorial;
			productName = C_Programming_Tutorial;
			productReference = 3D971F0F2C86928200AD24B3 /* C_Programming_Tutorial */;
			productType = "com.apple.product-type.tool";
		};
/* End PBXNativeTarget section */

/* Begin PBXProject section */
		3D971F072C86928200AD24B3 /* Project object */ = {
			isa = PBXProject;
			attributes = {
				BuildIndependentTargetsInParallel = 1;
				LastUpgradeCheck = 1500;
				TargetAttributes = {
					3D971F0E2C86928200AD24B3 = {
						CreatedOnToolsVersion = 15.0;
					};
				};
			};
			buildConfigurationList = 3D971F0A2C86928200AD24B3 /* Build configuration list for PBXProject "C_Programming_Tutorial" */;
			compatibilityVersion = "Xcode 14.0";
			developmentRegion = en;
			hasScannedForEncodings = 0;
			knownRegions = (
				en,
				Base,
			);
			mainGroup = 3D971F062C86928200AD24B3;
			productRefGroup = 3D971F102C86928200AD24B3 /* Products */;
			projectDirPath = "";
			projectRoot = "";
			targets = (
				3D971F0E2C86928200AD24B3 /* C_Programming_Tutorial */,
			);
		};
/* End PBXProject section */

/* Begin PBXSourcesBuildPhase section */
		3D971F0B2C86928200AD24B3 /* Sources */ = {
			isa = PBXSourcesBuildPhase;
			buildActionMask = 2147483647;
			files = (
				3D01A4F92CAF98F0007DE38D /* HW5_3.c in Sources */,
				3D01A4482CA5231A007DE38D /* HW4_4.c in Sources */,
				3D5D9E422C8FF08F00604F6D /* HW3_2.c in Sources */,
				3D09CB542C8FDC1D00DEB171 /* HW3_1.c in Sources */,
				3D01A4502CAB929B007DE38D /* ex_5_3.c in Sources */,
				3D01A43C2CA26232007DE38D /* ex_4_6.c in Sources */,
				3D01A43E2CA26574007DE38D /* ex_4_7.c in Sources */,
				3D01A4442CA5209F007DE38D /* HW4_2.c in Sources */,
				3D01A4EF2CAF8A22007DE38D /* ex_5_10.c in Sources */,
				3D09CB512C8FC81200DEB171 /* ex3_1.c in Sources */,
				3D82FCCC2C8949D300002501 /* HW2_3.c in Sources */,
				3D971F3A2C86930F00AD24B3 /* work13.c in Sources */,
				3D01A44E2CAB7BF5007DE38D /* ex_5_2.c in Sources */,
				3D01A43A2CA25FA0007DE38D /* ex_4_5.c in Sources */,
				3D01A4402CA2664E007DE38D /* ex_4_8.c in Sources */,
				3D971F2C2C86930400AD24B3 /* work08.c in Sources */,
				3D971F472C86AD0D00AD24B3 /* ex2_5.c in Sources */,
				3D971F432C869E2B00AD24B3 /* ex2_3.c in Sources */,
				3D971F492C86BA3900AD24B3 /* ex2_6.c in Sources */,
				3D01A4562CABA0E4007DE38D /* ex_5_6.c in Sources */,
				3D01A4362CA25A27007DE38D /* ex_4_3.c in Sources */,
				3D971F382C86930F00AD24B3 /* work16.c in Sources */,
				3D82FCC82C893B0A00002501 /* HW2_1.c in Sources */,
				3D971F222C8692F600AD24B3 /* work04.c in Sources */,
				3D01A44A2CA5240D007DE38D /* HW4_5.c in Sources */,
				3D01A4ED2CAF6518007DE38D /* ex_5_9.c in Sources */,
				3D5D9E442C8FF1A900604F6D /* HW3_3.c in Sources */,
				3D971F322C86930400AD24B3 /* work06.c in Sources */,
				3D01A4422CA26B31007DE38D /* HW4_1.c in Sources */,
				3D01A4F32CAF8EC6007DE38D /* HW5_2.c in Sources */,
				3D01A4462CA521D8007DE38D /* HW4_3.c in Sources */,
				3D971F1E2C8692DF00AD24B3 /* work02.c in Sources */,
				3D5D9E3C2C8FE5E800604F6D /* ex3_2.c in Sources */,
				3D01A4302C8FF7BA007DE38D /* HW3_4.c in Sources */,
				3D01A4F72CAF9784007DE38D /* ex_5_8.c in Sources */,
				3D01A4542CAB9D0B007DE38D /* ex_5_5.c in Sources */,
				3D01A44C2CAB7A55007DE38D /* ex_5_1.c in Sources */,
				3D971F302C86930400AD24B3 /* work10.c in Sources */,
				3D01A4E92CAF61D5007DE38D /* ex_5_7.c in Sources */,
				3D5D9E3E2C8FE78300604F6D /* ex3_3.c in Sources */,
				3D971F2E2C86930400AD24B3 /* work07.c in Sources */,
				3D971F372C86930F00AD24B3 /* work14.c in Sources */,
				3D971F2F2C86930400AD24B3 /* work12.c in Sources */,
				3D5D9E402C8FEAD300604F6D /* ex3_4.c in Sources */,
				3D971F242C8692FA00AD24B3 /* work05.c in Sources */,
				3D971F312C86930400AD24B3 /* work09.c in Sources */,
				3D01A4382CA25D59007DE38D /* ex_4_4.c in Sources */,
				3D01A4322CA23D59007DE38D /* ex_4_1.c in Sources */,
				3D82FCCA2C893BD300002501 /* HW2_2.c in Sources */,
				3D971F452C869F2600AD24B3 /* ex2_4.c in Sources */,
				3D01A4F12CAF8CDF007DE38D /* HW5_1.c in Sources */,
				3D971F1A2C8692B100AD24B3 /* work01.c in Sources */,
				3D971F202C8692EE00AD24B3 /* work03.c in Sources */,
				3D971F392C86930F00AD24B3 /* work15.c in Sources */,
				3D01A4522CAB9361007DE38D /* ex_5_4.c in Sources */,
				3D971F2D2C86930400AD24B3 /* work11.c in Sources */,
				3D01A4342CA24BEA007DE38D /* ex_4_2.c in Sources */,
			);
			runOnlyForDeploymentPostprocessing = 0;
		};
/* End PBXSourcesBuildPhase section */

/* Begin XCBuildConfiguration section */
		3D971F142C86928200AD24B3 /* Debug */ = {
			isa = XCBuildConfiguration;
			buildSettings = {
				ALWAYS_SEARCH_USER_PATHS = NO;
				ASSETCATALOG_COMPILER_GENERATE_SWIFT_ASSET_SYMBOL_EXTENSIONS = YES;
				CLANG_ANALYZER_NONNULL = YES;
				CLANG_ANALYZER_NUMBER_OBJECT_CONVERSION = YES_AGGRESSIVE;
				CLANG_CXX_LANGUAGE_STANDARD = "gnu++20";
				CLANG_ENABLE_MODULES = YES;
				CLANG_ENABLE_OBJC_ARC = YES;
				CLANG_ENABLE_OBJC_WEAK = YES;
				CLANG_WARN_BLOCK_CAPTURE_AUTORELEASING = YES;
				CLANG_WARN_BOOL_CONVERSION = YES;
				CLANG_WARN_COMMA = YES;
				CLANG_WARN_CONSTANT_CONVERSION = YES;
				CLANG_WARN_DEPRECATED_OBJC_IMPLEMENTATIONS = YES;
				CLANG_WARN_DIRECT_OBJC_ISA_USAGE = YES_ERROR;
				CLANG_WARN_DOCUMENTATION_COMMENTS = YES;
				CLANG_WARN_EMPTY_BODY = YES;
				CLANG_WARN_ENUM_CONVERSION = YES;
				CLANG_WARN_INFINITE_RECURSION = YES;
				CLANG_WARN_INT_CONVERSION = YES;
				CLANG_WARN_NON_LITERAL_NULL_CONVERSION = YES;
				CLANG_WARN_OBJC_IMPLICIT_RETAIN_SELF = YES;
				CLANG_WARN_OBJC_LITERAL_CONVERSION = YES;
				CLANG_WARN_OBJC_ROOT_CLASS = YES_ERROR;
				CLANG_WARN_QUOTED_INCLUDE_IN_FRAMEWORK_HEADER = YES;
				CLANG_WARN_RANGE_LOOP_ANALYSIS = YES;
				CLANG_WARN_STRICT_PROTOTYPES = YES;
				CLANG_WARN_SUSPICIOUS_MOVE = YES;
				CLANG_WARN_UNGUARDED_AVAILABILITY = YES_AGGRESSIVE;
				CLANG_WARN_UNREACHABLE_CODE = YES;
				CLANG_WARN__DUPLICATE_METHOD_MATCH = YES;
				COPY_PHASE_STRIP = NO;
				DEBUG_INFORMATION_FORMAT = dwarf;
				ENABLE_STRICT_OBJC_MSGSEND = YES;
				ENABLE_TESTABILITY = YES;
				ENABLE_USER_SCRIPT_SANDBOXING = YES;
				GCC_C_LANGUAGE_STANDARD = gnu17;
				GCC_DYNAMIC_NO_PIC = NO;
				GCC_NO_COMMON_BLOCKS = YES;
				GCC_OPTIMIZATION_LEVEL = 0;
				GCC_PREPROCESSOR_DEFINITIONS = (
					"DEBUG=1",
					"$(inherited)",
				);
				GCC_WARN_64_TO_32_BIT_CONVERSION = YES;
				GCC_WARN_ABOUT_RETURN_TYPE = YES_ERROR;
				GCC_WARN_UNDECLARED_SELECTOR = YES;
				GCC_WARN_UNINITIALIZED_AUTOS = YES_AGGRESSIVE;
				GCC_WARN_UNUSED_FUNCTION = YES;
				GCC_WARN_UNUSED_VARIABLE = YES;
				LOCALIZATION_PREFERS_STRING_CATALOGS = YES;
				MACOSX_DEPLOYMENT_TARGET = 14.0;
				MTL_ENABLE_DEBUG_INFO = INCLUDE_SOURCE;
				MTL_FAST_MATH = YES;
				ONLY_ACTIVE_ARCH = YES;
				SDKROOT = macosx;
			};
			name = Debug;
		};
		3D971F152C86928200AD24B3 /* Release */ = {
			isa = XCBuildConfiguration;
			buildSettings = {
				ALWAYS_SEARCH_USER_PATHS = NO;
				ASSETCATALOG_COMPILER_GENERATE_SWIFT_ASSET_SYMBOL_EXTENSIONS = YES;
				CLANG_ANALYZER_NONNULL = YES;
				CLANG_ANALYZER_NUMBER_OBJECT_CONVERSION = YES_AGGRESSIVE;
				CLANG_CXX_LANGUAGE_STANDARD = "gnu++20";
				CLANG_ENABLE_MODULES = YES;
				CLANG_ENABLE_OBJC_ARC = YES;
				CLANG_ENABLE_OBJC_WEAK = YES;
				CLANG_WARN_BLOCK_CAPTURE_AUTORELEASING = YES;
				CLANG_WARN_BOOL_CONVERSION = YES;
				CLANG_WARN_COMMA = YES;
				CLANG_WARN_CONSTANT_CONVERSION = YES;
				CLANG_WARN_DEPRECATED_OBJC_IMPLEMENTATIONS = YES;
				CLANG_WARN_DIRECT_OBJC_ISA_USAGE = YES_ERROR;
				CLANG_WARN_DOCUMENTATION_COMMENTS = YES;
				CLANG_WARN_EMPTY_BODY = YES;
				CLANG_WARN_ENUM_CONVERSION = YES;
				CLANG_WARN_INFINITE_RECURSION = YES;
				CLANG_WARN_INT_CONVERSION = YES;
				CLANG_WARN_NON_LITERAL_NULL_CONVERSION = YES;
				CLANG_WARN_OBJC_IMPLICIT_RETAIN_SELF = YES;
				CLANG_WARN_OBJC_LITERAL_CONVERSION = YES;
				CLANG_WARN_OBJC_ROOT_CLASS = YES_ERROR;
				CLANG_WARN_QUOTED_INCLUDE_IN_FRAMEWORK_HEADER = YES;
				CLANG_WARN_RANGE_LOOP_ANALYSIS = YES;
				CLANG_WARN_STRICT_PROTOTYPES = YES;
				CLANG_WARN_SUSPICIOUS_MOVE = YES;
				CLANG_WARN_UNGUARDED_AVAILABILITY = YES_AGGRESSIVE;
				CLANG_WARN_UNREACHABLE_CODE = YES;
				CLANG_WARN__DUPLICATE_METHOD_MATCH = YES;
				COPY_PHASE_STRIP = NO;
				DEBUG_INFORMATION_FORMAT = "dwarf-with-dsym";
				ENABLE_NS_ASSERTIONS = NO;
				ENABLE_STRICT_OBJC_MSGSEND = YES;
				ENABLE_USER_SCRIPT_SANDBOXING = YES;
				GCC_C_LANGUAGE_STANDARD = gnu17;
				GCC_NO_COMMON_BLOCKS = YES;
				GCC_WARN_64_TO_32_BIT_CONVERSION = YES;
				GCC_WARN_ABOUT_RETURN_TYPE = YES_ERROR;
				GCC_WARN_UNDECLARED_SELECTOR = YES;
				GCC_WARN_UNINITIALIZED_AUTOS = YES_AGGRESSIVE;
				GCC_WARN_UNUSED_FUNCTION = YES;
				GCC_WARN_UNUSED_VARIABLE = YES;
				LOCALIZATION_PREFERS_STRING_CATALOGS = YES;
				MACOSX_DEPLOYMENT_TARGET = 14.0;
				MTL_ENABLE_DEBUG_INFO = NO;
				MTL_FAST_MATH = YES;
				SDKROOT = macosx;
			};
			name = Release;
		};
		3D971F172C86928200AD24B3 /* Debug */ = {
			isa = XCBuildConfiguration;
			buildSettings = {
				CODE_SIGN_STYLE = Automatic;
				DEVELOPMENT_TEAM = 23ULXV7A5W;
				ENABLE_HARDENED_RUNTIME = YES;
				PRODUCT_NAME = "$(TARGET_NAME)";
			};
			name = Debug;
		};
		3D971F182C86928200AD24B3 /* Release */ = {
			isa = XCBuildConfiguration;
			buildSettings = {
				CODE_SIGN_STYLE = Automatic;
				DEVELOPMENT_TEAM = 23ULXV7A5W;
				ENABLE_HARDENED_RUNTIME = YES;
				PRODUCT_NAME = "$(TARGET_NAME)";
			};
			name = Release;
		};
/* End XCBuildConfiguration section */

/* Begin XCConfigurationList section */
		3D971F0A2C86928200AD24B3 /* Build configuration list for PBXProject "C_Programming_Tutorial" */ = {
			isa = XCConfigurationList;
			buildConfigurations = (
				3D971F142C86928200AD24B3 /* Debug */,
				3D971F152C86928200AD24B3 /* Release */,
			);
			defaultConfigurationIsVisible = 0;
			defaultConfigurationName = Release;
		};
		3D971F162C86928200AD24B3 /* Build configuration list for PBXNativeTarget "C_Programming_Tutorial" */ = {
			isa = XCConfigurationList;
			buildConfigurations = (
				3D971F172C86928200AD24B3 /* Debug */,
				3D971F182C86928200AD24B3 /* Release */,
			);
			defaultConfigurationIsVisible = 0;
			defaultConfigurationName = Release;
		};
/* End XCConfigurationList section */
	};
	rootObject = 3D971F072C86928200AD24B3 /* Project object */;
}
