// !$*UTF8*$!
{
	archiveVersion = 1;
	classes = {
	};
	objectVersion = 56;
	objects = {

/* Begin PBXBuildFile section */
		3D01A4302C8FF7BA007DE38D /* HW3_4.c in Sources */ = {isa = PBXBuildFile; fileRef = 3D01A42F2C8FF7BA007DE38D /* HW3_4.c */; };
		3D01A4322CA23D59007DE38D /* ex_4_1.c in Sources */ = {isa = PBXBuildFile; fileRef = 3D01A4312CA23D59007DE38D /* ex_4_1.c */; };
		3D01A4342CA24BEA007DE38D /* ex_4_2.c in Sources */ = {isa = PBXBuildFile; fileRef = 3D01A4332CA24BEA007DE38D /* ex_4_2.c */; };
		3D01A4362CA25A27007DE38D /* ex_4_3.c in Sources */ = {isa = PBXBuildFile; fileRef = 3D01A4352CA25A27007DE38D /* ex_4_3.c */; };
		3D01A4382CA25D59007DE38D /* ex_4_4.c in Sources */ = {isa = PBXBuildFile; fileRef = 3D01A4372CA25D59007DE38D /* ex_4_4.c */; };
		3D01A43A2CA25FA0007DE38D /* ex_4_5.c in Sources */ = {isa = PBXBuildFile; fileRef = 3D01A4392CA25FA0007DE38D /* ex_4_5.c */; };
		3D01A43C2CA26232007DE38D /* ex_4_6.c in Sources */ = {isa = PBXBuildFile; fileRef = 3D01A43B2CA26232007DE38D /* ex_4_6.c */; };
		3D01A43E2CA26574007DE38D /* ex_4_7.c in Sources */ = {isa = PBXBuildFile; fileRef = 3D01A43D2CA26574007DE38D /* ex_4_7.c */; };
		3D01A4402CA2664E007DE38D /* ex_4_8.c in Sources */ = {isa = PBXBuildFile; fileRef = 3D01A43F2CA2664E007DE38D /* ex_4_8.c */; };
		3D01A4422CA26B31007DE38D /* HW4_1.c in Sources */ = {isa = PBXBuildFile; fileRef = 3D01A4412CA26B31007DE38D /* HW4_1.c */; };
		3D01A4442CA5209F007DE38D /* HW4_2.c in Sources */ = {isa = PBXBuildFile; fileRef = 3D01A4432CA5209F007DE38D /* HW4_2.c */; };
		3D01A4462CA521D8007DE38D /* HW4_3.c in Sources */ = {isa = PBXBuildFile; fileRef = 3D01A4452CA521D8007DE38D /* HW4_3.c */; };
		3D01A4482CA5231A007DE38D /* HW4_4.c in Sources */ = {isa = PBXBuildFile; fileRef = 3D01A4472CA5231A007DE38D /* HW4_4.c */; };
		3D01A44A2CA5240D007DE38D /* HW4_5.c in Sources */ = {isa = PBXBuildFile; fileRef = 3D01A4492CA5240D007DE38D /* HW4_5.c */; };
		3D01A44C2CAB7A55007DE38D /* ex_5_1.c in Sources */ = {isa = PBXBuildFile; fileRef = 3D01A44B2CAB7A55007DE38D /* ex_5_1.c */; };
		3D01A44E2CAB7BF5007DE38D /* ex_5_2.c in Sources */ = {isa = PBXBuildFile; fileRef = 3D01A44D2CAB7BF5007DE38D /* ex_5_2.c */; };
		3D01A4502CAB929B007DE38D /* ex_5_3.c in Sources */ = {isa = PBXBuildFile; fileRef = 3D01A44F2CAB929B007DE38D /* ex_5_3.c */; };
		3D01A4522CAB9361007DE38D /* ex_5_4.c in Sources */ = {isa = PBXBuildFile; fileRef = 3D01A4512CAB9361007DE38D /* ex_5_4.c */; };
		3D01A4542CAB9D0B007DE38D /* ex_5_5.c in Sources */ = {isa = PBXBuildFile; fileRef = 3D01A4532CAB9D0B007DE38D /* ex_5_5.c */; };
		3D01A4562CABA0E4007DE38D /* ex_5_6.c in Sources */ = {isa = PBXBuildFile; fileRef = 3D01A4552CABA0E4007DE38D /* ex_5_6.c */; };
		3D01A4E92CAF61D5007DE38D /* ex_5_7.c in Sources */ = {isa = PBXBuildFile; fileRef = 3D01A4E82CAF61D5007DE38D /* ex_5_7.c */; };
		3D01A4ED2CAF6518007DE38D /* ex_5_9.c in Sources */ = {isa = PBXBuildFile; fileRef = 3D01A4EC2CAF6518007DE38D /* ex_5_9.c */; };
		3D01A4F12CAF8CDF007DE38D /* HW5_1.c in Sources */ = {isa = PBXBuildFile; fileRef = 3D01A4F02CAF8CDF007DE38D /* HW5_1.c */; };
		3D01A4F32CAF8EC6007DE38D /* HW5_2.c in Sources */ = {isa = PBXBuildFile; fileRef = 3D01A4F22CAF8EC6007DE38D /* HW5_2.c */; };
		3D01A4F72CAF9784007DE38D /* ex_5_8.c in Sources */ = {isa = PBXBuildFile; fileRef = 3D01A4F62CAF9784007DE38D /* ex_5_8.c */; };
		3D01A4F92CAF98F0007DE38D /* HW5_3.c in Sources */ = {isa = PBXBuildFile; fileRef = 3D01A4F82CAF98F0007DE38D /* HW5_3.c */; };
		3D01A4FB2CAF9E28007DE38D /* HW5_4.c in Sources */ = {isa = PBXBuildFile; fileRef = 3D01A4FA2CAF9E28007DE38D /* HW5_4.c */; };
		3D01A5022CB4B55F007DE38D /* ex_6_1.c in Sources */ = {isa = PBXBuildFile; fileRef = 3D01A5012CB4B55F007DE38D /* ex_6_1.c */; };
		3D01A5042CB4BE63007DE38D /* ex_6_2.c in Sources */ = {isa = PBXBuildFile; fileRef = 3D01A5032CB4BE63007DE38D /* ex_6_2.c */; };
		3D01A5062CB4C22F007DE38D /* ex_6_3.c in Sources */ = {isa = PBXBuildFile; fileRef = 3D01A5052CB4C22F007DE38D /* ex_6_3.c */; };
		3D01A5082CB4C9AB007DE38D /* ex_6_4.c in Sources */ = {isa = PBXBuildFile; fileRef = 3D01A5072CB4C9AB007DE38D /* ex_6_4.c */; };
		3D01A50A2CB4D3F7007DE38D /* ex_6_5.c in Sources */ = {isa = PBXBuildFile; fileRef = 3D01A5092CB4D3F7007DE38D /* ex_6_5.c */; };
		3D01A50C2CB4D54A007DE38D /* ex_6_6.c in Sources */ = {isa = PBXBuildFile; fileRef = 3D01A50B2CB4D54A007DE38D /* ex_6_6.c */; };
		3D01A50E2CB4D691007DE38D /* ex_6_7.c in Sources */ = {isa = PBXBuildFile; fileRef = 3D01A50D2CB4D691007DE38D /* ex_6_7.c */; };
		3D01A5102CB4D909007DE38D /* ex_6_8.c in Sources */ = {isa = PBXBuildFile; fileRef = 3D01A50F2CB4D909007DE38D /* ex_6_8.c */; };
		3D01A5122CB4D9BF007DE38D /* ex_6_9.c in Sources */ = {isa = PBXBuildFile; fileRef = 3D01A5112CB4D9BF007DE38D /* ex_6_9.c */; };
		3D01A5142CB4DAAA007DE38D /* ex_6_10.c in Sources */ = {isa = PBXBuildFile; fileRef = 3D01A5132CB4DAAA007DE38D /* ex_6_10.c */; };
		3D01A5182CB4DD2E007DE38D /* HW6_1.c in Sources */ = {isa = PBXBuildFile; fileRef = 3D01A5172CB4DD2E007DE38D /* HW6_1.c */; };
		3D01A51A2CB4DDD5007DE38D /* HW6_2.c in Sources */ = {isa = PBXBuildFile; fileRef = 3D01A5192CB4DDD5007DE38D /* HW6_2.c */; };
		3D01A51C2CB4DEAD007DE38D /* HW6_3.c in Sources */ = {isa = PBXBuildFile; fileRef = 3D01A51B2CB4DEAD007DE38D /* HW6_3.c */; };
		3D01A5202CBDE995007DE38D /* ex_7_1.c in Sources */ = {isa = PBXBuildFile; fileRef = 3D01A51F2CBDE995007DE38D /* ex_7_1.c */; };
		3D01A5222CBDEF58007DE38D /* ex_7_2.c in Sources */ = {isa = PBXBuildFile; fileRef = 3D01A5212CBDEF58007DE38D /* ex_7_2.c */; };
		3D01A5242CBDF217007DE38D /* HW6_4.c in Sources */ = {isa = PBXBuildFile; fileRef = 3D01A5232CBDF217007DE38D /* HW6_4.c */; };
		3D01A5262CBE0249007DE38D /* ex_7_3.c in Sources */ = {isa = PBXBuildFile; fileRef = 3D01A5252CBE0249007DE38D /* ex_7_3.c */; };
		3D01A5282CBE040C007DE38D /* ex_7_4.c in Sources */ = {isa = PBXBuildFile; fileRef = 3D01A5272CBE040C007DE38D /* ex_7_4.c */; };
		3D01A52A2CBE09A4007DE38D /* ex_7_5.c in Sources */ = {isa = PBXBuildFile; fileRef = 3D01A5292CBE09A4007DE38D /* ex_7_5.c */; };
		3D01A52C2CBE0D6D007DE38D /* ex_7_6.c in Sources */ = {isa = PBXBuildFile; fileRef = 3D01A52B2CBE0D6D007DE38D /* ex_7_6.c */; };
		3D01A52E2CBE11C1007DE38D /* HW7_1.c in Sources */ = {isa = PBXBuildFile; fileRef = 3D01A52D2CBE11C1007DE38D /* HW7_1.c */; };
		3D01A5302CBE1358007DE38D /* HW7_2.c in Sources */ = {isa = PBXBuildFile; fileRef = 3D01A52F2CBE1358007DE38D /* HW7_2.c */; };
		3D01A5322CBE14DD007DE38D /* HW7_3.c in Sources */ = {isa = PBXBuildFile; fileRef = 3D01A5312CBE14DD007DE38D /* HW7_3.c */; };
		3D01A5342CBE1A02007DE38D /* HW7_4.c in Sources */ = {isa = PBXBuildFile; fileRef = 3D01A5332CBE1A02007DE38D /* HW7_4.c */; };
		3D01A53E2CC5282D007DE38D /* HW7_5.c in Sources */ = {isa = PBXBuildFile; fileRef = 3D01A53D2CC5282D007DE38D /* HW7_5.c */; };
		3D01A54B2CC736D0007DE38D /* test_midterm.c in Sources */ = {isa = PBXBuildFile; fileRef = 3D01A54A2CC736D0007DE38D /* test_midterm.c */; };
		3D01A54D2CC7378B007DE38D /* 202120819이승호_1.c in Sources */ = {isa = PBXBuildFile; fileRef = 3D01A54C2CC7378B007DE38D /* 202120819이승호_1.c */; };
		3D01A54F2CC7395E007DE38D /* 202120819이승호_2.c in Sources */ = {isa = PBXBuildFile; fileRef = 3D01A54E2CC7395E007DE38D /* 202120819이승호_2.c */; };
		3D01A5512CC73C76007DE38D /* 202120819이승호_3.c in Sources */ = {isa = PBXBuildFile; fileRef = 3D01A5502CC73C76007DE38D /* 202120819이승호_3.c */; };
		3D01A5592CD0620D007DE38D /* ex_8_1.c in Sources */ = {isa = PBXBuildFile; fileRef = 3D01A5582CD0620D007DE38D /* ex_8_1.c */; };
		3D01A55B2CD0676E007DE38D /* ex_8_2.c in Sources */ = {isa = PBXBuildFile; fileRef = 3D01A55A2CD0676E007DE38D /* ex_8_2.c */; };
		3D01A55D2CD069A8007DE38D /* ex_8_3.c in Sources */ = {isa = PBXBuildFile; fileRef = 3D01A55C2CD069A8007DE38D /* ex_8_3.c */; };
		3D01A5632CD0833E007DE38D /* ex_8_4.c in Sources */ = {isa = PBXBuildFile; fileRef = 3D01A5622CD0833E007DE38D /* ex_8_4.c */; };
		3D01A5652CD08511007DE38D /* ex_9_1.c in Sources */ = {isa = PBXBuildFile; fileRef = 3D01A5642CD08511007DE38D /* ex_9_1.c */; };
		3D01A5672CD08757007DE38D /* ex_9_2.c in Sources */ = {isa = PBXBuildFile; fileRef = 3D01A5662CD08757007DE38D /* ex_9_2.c */; };
		3D01A5692CD08918007DE38D /* ex_9_3.c in Sources */ = {isa = PBXBuildFile; fileRef = 3D01A5682CD08918007DE38D /* ex_9_3.c */; };
		3D01A56B2CD08A07007DE38D /* ex_9_4.c in Sources */ = {isa = PBXBuildFile; fileRef = 3D01A56A2CD08A07007DE38D /* ex_9_4.c */; };
		3D01A56D2CD08B17007DE38D /* ex_9_5.c in Sources */ = {isa = PBXBuildFile; fileRef = 3D01A56C2CD08B17007DE38D /* ex_9_5.c */; };
		3D01A56F2CD08CA3007DE38D /* ex_9_6.c in Sources */ = {isa = PBXBuildFile; fileRef = 3D01A56E2CD08CA3007DE38D /* ex_9_6.c */; };
		3D01A5712CD08DEC007DE38D /* ex_9_7.c in Sources */ = {isa = PBXBuildFile; fileRef = 3D01A5702CD08DEC007DE38D /* ex_9_7.c */; };
		3D01A5732CD08FC9007DE38D /* HW9_1.c in Sources */ = {isa = PBXBuildFile; fileRef = 3D01A5722CD08FC9007DE38D /* HW9_1.c */; };
		3D01A5752CD1ADC0007DE38D /* HW9_2.c in Sources */ = {isa = PBXBuildFile; fileRef = 3D01A5742CD1ADC0007DE38D /* HW9_2.c */; };
		3D01A5772CD1AF14007DE38D /* HW9_3.c in Sources */ = {isa = PBXBuildFile; fileRef = 3D01A5762CD1AF14007DE38D /* HW9_3.c */; };
		3D01A57B2CD1E47F007DE38D /* HW9_4.c in Sources */ = {isa = PBXBuildFile; fileRef = 3D01A57A2CD1E47F007DE38D /* HW9_4.c */; };
		3D01A5E02CD99DE9007DE38D /* ex_11_1.c in Sources */ = {isa = PBXBuildFile; fileRef = 3D01A5DF2CD99DE9007DE38D /* ex_11_1.c */; };
		3D01A5E22CD99E8C007DE38D /* ex_11_2.c in Sources */ = {isa = PBXBuildFile; fileRef = 3D01A5E12CD99E8C007DE38D /* ex_11_2.c */; };
		3D01A5E42CD9A0C3007DE38D /* ex_11_3.c in Sources */ = {isa = PBXBuildFile; fileRef = 3D01A5E32CD9A0C3007DE38D /* ex_11_3.c */; };
		3D01A5E62CD9A520007DE38D /* ex_11_4.c in Sources */ = {isa = PBXBuildFile; fileRef = 3D01A5E52CD9A520007DE38D /* ex_11_4.c */; };
		3D01A5EA2CD9B457007DE38D /* ex_11_5.c in Sources */ = {isa = PBXBuildFile; fileRef = 3D01A5E92CD9B457007DE38D /* ex_11_5.c */; };
		3D01A5EC2CD9BDBD007DE38D /* ex_11_6.c in Sources */ = {isa = PBXBuildFile; fileRef = 3D01A5EB2CD9BDBD007DE38D /* ex_11_6.c */; };
		3D01A6162CDD861A007DE38D /* ex_10_1.c in Sources */ = {isa = PBXBuildFile; fileRef = 3D01A6152CDD861A007DE38D /* ex_10_1.c */; };
		3D01A6182CDD8631007DE38D /* ex_10_2.c in Sources */ = {isa = PBXBuildFile; fileRef = 3D01A6172CDD8631007DE38D /* ex_10_2.c */; };
		3D01A61A2CDD863B007DE38D /* ex_10_3.c in Sources */ = {isa = PBXBuildFile; fileRef = 3D01A6192CDD863B007DE38D /* ex_10_3.c */; };
		3D01A6302CE2D9D2007DE38D /* ex_11_7.c in Sources */ = {isa = PBXBuildFile; fileRef = 3D01A62F2CE2D9D2007DE38D /* ex_11_7.c */; };
		3D01A6322CE2DC9A007DE38D /* ex_11_8.c in Sources */ = {isa = PBXBuildFile; fileRef = 3D01A6312CE2DC9A007DE38D /* ex_11_8.c */; };
		3D01A6342CE2DD81007DE38D /* ex_11_9.c in Sources */ = {isa = PBXBuildFile; fileRef = 3D01A6332CE2DD81007DE38D /* ex_11_9.c */; };
		3D01A6392CE2EC81007DE38D /* ex_11_10.c in Sources */ = {isa = PBXBuildFile; fileRef = 3D01A6382CE2EC81007DE38D /* ex_11_10.c */; };
		3D01A6452CE9D863007DE38D /* HW11_1.c in Sources */ = {isa = PBXBuildFile; fileRef = 3D01A6442CE9D863007DE38D /* HW11_1.c */; };
		3D01A6482CE9DAA3007DE38D /* HW11_2.c in Sources */ = {isa = PBXBuildFile; fileRef = 3D01A6472CE9DAA3007DE38D /* HW11_2.c */; };
		3D01A64A2CE9DCB8007DE38D /* HW11_3.c in Sources */ = {isa = PBXBuildFile; fileRef = 3D01A6492CE9DCB8007DE38D /* HW11_3.c */; };
		3D01A64C2CE9DF9E007DE38D /* HW11_4.c in Sources */ = {isa = PBXBuildFile; fileRef = 3D01A64B2CE9DF9E007DE38D /* HW11_4.c */; };
		3D01A64F2CEC10AB007DE38D /* ex_12_1.c in Sources */ = {isa = PBXBuildFile; fileRef = 3D01A64E2CEC10AB007DE38D /* ex_12_1.c */; };
		3D01A6512CEC204B007DE38D /* ex_12_2.c in Sources */ = {isa = PBXBuildFile; fileRef = 3D01A6502CEC204B007DE38D /* ex_12_2.c */; };
		3D09CB512C8FC81200DEB171 /* ex_3_1.c in Sources */ = {isa = PBXBuildFile; fileRef = 3D09CB502C8FC81200DEB171 /* ex_3_1.c */; };
		3D09CB542C8FDC1D00DEB171 /* HW3_1.c in Sources */ = {isa = PBXBuildFile; fileRef = 3D09CB532C8FDC1D00DEB171 /* HW3_1.c */; };
		3D2C8F1C2CEC3BEC008253AA /* HW12_1.c in Sources */ = {isa = PBXBuildFile; fileRef = 3D2C8F1B2CEC3BEC008253AA /* HW12_1.c */; };
		3D2C8F3C2CF49911008253AA /* ex_12_3.c in Sources */ = {isa = PBXBuildFile; fileRef = 3D2C8F3B2CF49911008253AA /* ex_12_3.c */; };
		3D2C8F3E2CF49CF8008253AA /* HW12_2.c in Sources */ = {isa = PBXBuildFile; fileRef = 3D2C8F3D2CF49CF8008253AA /* HW12_2.c */; };
		3D2C8F402CF4A396008253AA /* HW12_3.c in Sources */ = {isa = PBXBuildFile; fileRef = 3D2C8F3F2CF4A396008253AA /* HW12_3.c */; };
		3D2C8F422CF4A4F1008253AA /* HW12_4.c in Sources */ = {isa = PBXBuildFile; fileRef = 3D2C8F412CF4A4F1008253AA /* HW12_4.c */; };
		3D2C8F442CF4AB80008253AA /* HW12_5.c in Sources */ = {isa = PBXBuildFile; fileRef = 3D2C8F432CF4AB80008253AA /* HW12_5.c */; };
		3D5D9E3C2C8FE5E800604F6D /* ex_3_2.c in Sources */ = {isa = PBXBuildFile; fileRef = 3D5D9E3B2C8FE5E800604F6D /* ex_3_2.c */; };
		3D5D9E3E2C8FE78300604F6D /* ex_3_3.c in Sources */ = {isa = PBXBuildFile; fileRef = 3D5D9E3D2C8FE78300604F6D /* ex_3_3.c */; };
		3D5D9E402C8FEAD300604F6D /* ex_3_4.c in Sources */ = {isa = PBXBuildFile; fileRef = 3D5D9E3F2C8FEAD300604F6D /* ex_3_4.c */; };
		3D5D9E422C8FF08F00604F6D /* HW3_2.c in Sources */ = {isa = PBXBuildFile; fileRef = 3D5D9E412C8FF08F00604F6D /* HW3_2.c */; };
		3D5D9E442C8FF1A900604F6D /* HW3_3.c in Sources */ = {isa = PBXBuildFile; fileRef = 3D5D9E432C8FF1A900604F6D /* HW3_3.c */; };
		3D82FCC82C893B0A00002501 /* HW2_1.c in Sources */ = {isa = PBXBuildFile; fileRef = 3D82FCC72C893B0A00002501 /* HW2_1.c */; };
		3D82FCCA2C893BD300002501 /* HW2_2.c in Sources */ = {isa = PBXBuildFile; fileRef = 3D82FCC92C893BD300002501 /* HW2_2.c */; };
		3D82FCCC2C8949D300002501 /* HW2_3.c in Sources */ = {isa = PBXBuildFile; fileRef = 3D82FCCB2C8949D300002501 /* HW2_3.c */; };
		3D971F1A2C8692B100AD24B3 /* work01.c in Sources */ = {isa = PBXBuildFile; fileRef = 3D971F192C8692B100AD24B3 /* work01.c */; };
		3D971F1E2C8692DF00AD24B3 /* work02.c in Sources */ = {isa = PBXBuildFile; fileRef = 3D971F1D2C8692DF00AD24B3 /* work02.c */; };
		3D971F202C8692EE00AD24B3 /* work03.c in Sources */ = {isa = PBXBuildFile; fileRef = 3D971F1F2C8692EE00AD24B3 /* work03.c */; };
		3D971F222C8692F600AD24B3 /* work04.c in Sources */ = {isa = PBXBuildFile; fileRef = 3D971F212C8692F600AD24B3 /* work04.c */; };
		3D971F242C8692FA00AD24B3 /* work05.c in Sources */ = {isa = PBXBuildFile; fileRef = 3D971F232C8692FA00AD24B3 /* work05.c */; };
		3D971F2C2C86930400AD24B3 /* work08.c in Sources */ = {isa = PBXBuildFile; fileRef = 3D971F252C86930400AD24B3 /* work08.c */; };
		3D971F2D2C86930400AD24B3 /* work11.c in Sources */ = {isa = PBXBuildFile; fileRef = 3D971F262C86930400AD24B3 /* work11.c */; };
		3D971F2E2C86930400AD24B3 /* work07.c in Sources */ = {isa = PBXBuildFile; fileRef = 3D971F272C86930400AD24B3 /* work07.c */; };
		3D971F2F2C86930400AD24B3 /* work12.c in Sources */ = {isa = PBXBuildFile; fileRef = 3D971F282C86930400AD24B3 /* work12.c */; };
		3D971F302C86930400AD24B3 /* work10.c in Sources */ = {isa = PBXBuildFile; fileRef = 3D971F292C86930400AD24B3 /* work10.c */; };
		3D971F312C86930400AD24B3 /* work09.c in Sources */ = {isa = PBXBuildFile; fileRef = 3D971F2A2C86930400AD24B3 /* work09.c */; };
		3D971F322C86930400AD24B3 /* work06.c in Sources */ = {isa = PBXBuildFile; fileRef = 3D971F2B2C86930400AD24B3 /* work06.c */; };
		3D971F372C86930F00AD24B3 /* work14.c in Sources */ = {isa = PBXBuildFile; fileRef = 3D971F332C86930F00AD24B3 /* work14.c */; };
		3D971F382C86930F00AD24B3 /* work16.c in Sources */ = {isa = PBXBuildFile; fileRef = 3D971F342C86930F00AD24B3 /* work16.c */; };
		3D971F392C86930F00AD24B3 /* work15.c in Sources */ = {isa = PBXBuildFile; fileRef = 3D971F352C86930F00AD24B3 /* work15.c */; };
		3D971F3A2C86930F00AD24B3 /* work13.c in Sources */ = {isa = PBXBuildFile; fileRef = 3D971F362C86930F00AD24B3 /* work13.c */; };
		3D971F432C869E2B00AD24B3 /* ex_2_3.c in Sources */ = {isa = PBXBuildFile; fileRef = 3D971F422C869E2B00AD24B3 /* ex_2_3.c */; };
		3D971F452C869F2600AD24B3 /* ex_2_4.c in Sources */ = {isa = PBXBuildFile; fileRef = 3D971F442C869F2600AD24B3 /* ex_2_4.c */; };
		3D971F472C86AD0D00AD24B3 /* ex_2_5.c in Sources */ = {isa = PBXBuildFile; fileRef = 3D971F462C86AD0D00AD24B3 /* ex_2_5.c */; };
		3D971F492C86BA3900AD24B3 /* ex_2_6.c in Sources */ = {isa = PBXBuildFile; fileRef = 3D971F482C86BA3900AD24B3 /* ex_2_6.c */; };
/* End PBXBuildFile section */

/* Begin PBXCopyFilesBuildPhase section */
		3D971F0D2C86928200AD24B3 /* CopyFiles */ = {
			isa = PBXCopyFilesBuildPhase;
			buildActionMask = 2147483647;
			dstPath = /usr/share/man/man1/;
			dstSubfolderSpec = 0;
			files = (
			);
			runOnlyForDeploymentPostprocessing = 1;
		};
/* End PBXCopyFilesBuildPhase section */

/* Begin PBXFileReference section */
		3D01A42F2C8FF7BA007DE38D /* HW3_4.c */ = {isa = PBXFileReference; lastKnownFileType = sourcecode.c.c; path = HW3_4.c; sourceTree = "<group>"; };
		3D01A4312CA23D59007DE38D /* ex_4_1.c */ = {isa = PBXFileReference; lastKnownFileType = sourcecode.c.c; path = ex_4_1.c; sourceTree = "<group>"; };
		3D01A4332CA24BEA007DE38D /* ex_4_2.c */ = {isa = PBXFileReference; lastKnownFileType = sourcecode.c.c; path = ex_4_2.c; sourceTree = "<group>"; };
		3D01A4352CA25A27007DE38D /* ex_4_3.c */ = {isa = PBXFileReference; lastKnownFileType = sourcecode.c.c; path = ex_4_3.c; sourceTree = "<group>"; };
		3D01A4372CA25D59007DE38D /* ex_4_4.c */ = {isa = PBXFileReference; lastKnownFileType = sourcecode.c.c; path = ex_4_4.c; sourceTree = "<group>"; };
		3D01A4392CA25FA0007DE38D /* ex_4_5.c */ = {isa = PBXFileReference; lastKnownFileType = sourcecode.c.c; path = ex_4_5.c; sourceTree = "<group>"; };
		3D01A43B2CA26232007DE38D /* ex_4_6.c */ = {isa = PBXFileReference; lastKnownFileType = sourcecode.c.c; path = ex_4_6.c; sourceTree = "<group>"; };
		3D01A43D2CA26574007DE38D /* ex_4_7.c */ = {isa = PBXFileReference; lastKnownFileType = sourcecode.c.c; path = ex_4_7.c; sourceTree = "<group>"; };
		3D01A43F2CA2664E007DE38D /* ex_4_8.c */ = {isa = PBXFileReference; lastKnownFileType = sourcecode.c.c; path = ex_4_8.c; sourceTree = "<group>"; };
		3D01A4412CA26B31007DE38D /* HW4_1.c */ = {isa = PBXFileReference; lastKnownFileType = sourcecode.c.c; path = HW4_1.c; sourceTree = "<group>"; };
		3D01A4432CA5209F007DE38D /* HW4_2.c */ = {isa = PBXFileReference; lastKnownFileType = sourcecode.c.c; path = HW4_2.c; sourceTree = "<group>"; };
		3D01A4452CA521D8007DE38D /* HW4_3.c */ = {isa = PBXFileReference; lastKnownFileType = sourcecode.c.c; path = HW4_3.c; sourceTree = "<group>"; };
		3D01A4472CA5231A007DE38D /* HW4_4.c */ = {isa = PBXFileReference; lastKnownFileType = sourcecode.c.c; path = HW4_4.c; sourceTree = "<group>"; };
		3D01A4492CA5240D007DE38D /* HW4_5.c */ = {isa = PBXFileReference; lastKnownFileType = sourcecode.c.c; path = HW4_5.c; sourceTree = "<group>"; };
		3D01A44B2CAB7A55007DE38D /* ex_5_1.c */ = {isa = PBXFileReference; lastKnownFileType = sourcecode.c.c; path = ex_5_1.c; sourceTree = "<group>"; };
		3D01A44D2CAB7BF5007DE38D /* ex_5_2.c */ = {isa = PBXFileReference; lastKnownFileType = sourcecode.c.c; path = ex_5_2.c; sourceTree = "<group>"; };
		3D01A44F2CAB929B007DE38D /* ex_5_3.c */ = {isa = PBXFileReference; lastKnownFileType = sourcecode.c.c; path = ex_5_3.c; sourceTree = "<group>"; };
		3D01A4512CAB9361007DE38D /* ex_5_4.c */ = {isa = PBXFileReference; lastKnownFileType = sourcecode.c.c; path = ex_5_4.c; sourceTree = "<group>"; };
		3D01A4532CAB9D0B007DE38D /* ex_5_5.c */ = {isa = PBXFileReference; lastKnownFileType = sourcecode.c.c; path = ex_5_5.c; sourceTree = "<group>"; };
		3D01A4552CABA0E4007DE38D /* ex_5_6.c */ = {isa = PBXFileReference; lastKnownFileType = sourcecode.c.c; path = ex_5_6.c; sourceTree = "<group>"; };
		3D01A4E82CAF61D5007DE38D /* ex_5_7.c */ = {isa = PBXFileReference; lastKnownFileType = sourcecode.c.c; path = ex_5_7.c; sourceTree = "<group>"; };
		3D01A4EC2CAF6518007DE38D /* ex_5_9.c */ = {isa = PBXFileReference; lastKnownFileType = sourcecode.c.c; path = ex_5_9.c; sourceTree = "<group>"; };
		3D01A4F02CAF8CDF007DE38D /* HW5_1.c */ = {isa = PBXFileReference; lastKnownFileType = sourcecode.c.c; path = HW5_1.c; sourceTree = "<group>"; };
		3D01A4F22CAF8EC6007DE38D /* HW5_2.c */ = {isa = PBXFileReference; lastKnownFileType = sourcecode.c.c; path = HW5_2.c; sourceTree = "<group>"; };
		3D01A4F62CAF9784007DE38D /* ex_5_8.c */ = {isa = PBXFileReference; lastKnownFileType = sourcecode.c.c; path = ex_5_8.c; sourceTree = "<group>"; };
		3D01A4F82CAF98F0007DE38D /* HW5_3.c */ = {isa = PBXFileReference; lastKnownFileType = sourcecode.c.c; path = HW5_3.c; sourceTree = "<group>"; };
		3D01A4FA2CAF9E28007DE38D /* HW5_4.c */ = {isa = PBXFileReference; lastKnownFileType = sourcecode.c.c; path = HW5_4.c; sourceTree = "<group>"; };
		3D01A5012CB4B55F007DE38D /* ex_6_1.c */ = {isa = PBXFileReference; lastKnownFileType = sourcecode.c.c; path = ex_6_1.c; sourceTree = "<group>"; };
		3D01A5032CB4BE63007DE38D /* ex_6_2.c */ = {isa = PBXFileReference; lastKnownFileType = sourcecode.c.c; path = ex_6_2.c; sourceTree = "<group>"; };
		3D01A5052CB4C22F007DE38D /* ex_6_3.c */ = {isa = PBXFileReference; lastKnownFileType = sourcecode.c.c; path = ex_6_3.c; sourceTree = "<group>"; };
		3D01A5072CB4C9AB007DE38D /* ex_6_4.c */ = {isa = PBXFileReference; lastKnownFileType = sourcecode.c.c; path = ex_6_4.c; sourceTree = "<group>"; };
		3D01A5092CB4D3F7007DE38D /* ex_6_5.c */ = {isa = PBXFileReference; lastKnownFileType = sourcecode.c.c; name = ex_6_5.c; path = C_Programming_Tutorial/ex/ex_6/ex_6_5.c; sourceTree = SOURCE_ROOT; };
		3D01A50B2CB4D54A007DE38D /* ex_6_6.c */ = {isa = PBXFileReference; lastKnownFileType = sourcecode.c.c; path = ex_6_6.c; sourceTree = "<group>"; };
		3D01A50D2CB4D691007DE38D /* ex_6_7.c */ = {isa = PBXFileReference; lastKnownFileType = sourcecode.c.c; path = ex_6_7.c; sourceTree = "<group>"; };
		3D01A50F2CB4D909007DE38D /* ex_6_8.c */ = {isa = PBXFileReference; lastKnownFileType = sourcecode.c.c; path = ex_6_8.c; sourceTree = "<group>"; };
		3D01A5112CB4D9BF007DE38D /* ex_6_9.c */ = {isa = PBXFileReference; lastKnownFileType = sourcecode.c.c; path = ex_6_9.c; sourceTree = "<group>"; };
		3D01A5132CB4DAAA007DE38D /* ex_6_10.c */ = {isa = PBXFileReference; lastKnownFileType = sourcecode.c.c; path = ex_6_10.c; sourceTree = "<group>"; };
		3D01A5172CB4DD2E007DE38D /* HW6_1.c */ = {isa = PBXFileReference; lastKnownFileType = sourcecode.c.c; path = HW6_1.c; sourceTree = "<group>"; };
		3D01A5192CB4DDD5007DE38D /* HW6_2.c */ = {isa = PBXFileReference; lastKnownFileType = sourcecode.c.c; path = HW6_2.c; sourceTree = "<group>"; };
		3D01A51B2CB4DEAD007DE38D /* HW6_3.c */ = {isa = PBXFileReference; lastKnownFileType = sourcecode.c.c; path = HW6_3.c; sourceTree = "<group>"; };
		3D01A51F2CBDE995007DE38D /* ex_7_1.c */ = {isa = PBXFileReference; lastKnownFileType = sourcecode.c.c; path = ex_7_1.c; sourceTree = "<group>"; };
		3D01A5212CBDEF58007DE38D /* ex_7_2.c */ = {isa = PBXFileReference; lastKnownFileType = sourcecode.c.c; path = ex_7_2.c; sourceTree = "<group>"; };
		3D01A5232CBDF217007DE38D /* HW6_4.c */ = {isa = PBXFileReference; lastKnownFileType = sourcecode.c.c; path = HW6_4.c; sourceTree = "<group>"; };
		3D01A5252CBE0249007DE38D /* ex_7_3.c */ = {isa = PBXFileReference; lastKnownFileType = sourcecode.c.c; path = ex_7_3.c; sourceTree = "<group>"; };
		3D01A5272CBE040C007DE38D /* ex_7_4.c */ = {isa = PBXFileReference; lastKnownFileType = sourcecode.c.c; path = ex_7_4.c; sourceTree = "<group>"; };
		3D01A5292CBE09A4007DE38D /* ex_7_5.c */ = {isa = PBXFileReference; lastKnownFileType = sourcecode.c.c; path = ex_7_5.c; sourceTree = "<group>"; };
		3D01A52B2CBE0D6D007DE38D /* ex_7_6.c */ = {isa = PBXFileReference; lastKnownFileType = sourcecode.c.c; path = ex_7_6.c; sourceTree = "<group>"; };
		3D01A52D2CBE11C1007DE38D /* HW7_1.c */ = {isa = PBXFileReference; lastKnownFileType = sourcecode.c.c; path = HW7_1.c; sourceTree = "<group>"; };
		3D01A52F2CBE1358007DE38D /* HW7_2.c */ = {isa = PBXFileReference; lastKnownFileType = sourcecode.c.c; path = HW7_2.c; sourceTree = "<group>"; };
		3D01A5312CBE14DD007DE38D /* HW7_3.c */ = {isa = PBXFileReference; lastKnownFileType = sourcecode.c.c; path = HW7_3.c; sourceTree = "<group>"; };
		3D01A5332CBE1A02007DE38D /* HW7_4.c */ = {isa = PBXFileReference; lastKnownFileType = sourcecode.c.c; path = HW7_4.c; sourceTree = "<group>"; };
		3D01A53D2CC5282D007DE38D /* HW7_5.c */ = {isa = PBXFileReference; lastKnownFileType = sourcecode.c.c; path = HW7_5.c; sourceTree = "<group>"; };
		3D01A54A2CC736D0007DE38D /* test_midterm.c */ = {isa = PBXFileReference; lastKnownFileType = sourcecode.c.c; path = test_midterm.c; sourceTree = "<group>"; };
		3D01A54C2CC7378B007DE38D /* 202120819이승호_1.c */ = {isa = PBXFileReference; lastKnownFileType = sourcecode.c.c; path = "202120819이승호_1.c"; sourceTree = "<group>"; };
		3D01A54E2CC7395E007DE38D /* 202120819이승호_2.c */ = {isa = PBXFileReference; lastKnownFileType = sourcecode.c.c; path = "202120819이승호_2.c"; sourceTree = "<group>"; };
		3D01A5502CC73C76007DE38D /* 202120819이승호_3.c */ = {isa = PBXFileReference; lastKnownFileType = sourcecode.c.c; path = "202120819이승호_3.c"; sourceTree = "<group>"; };
		3D01A5582CD0620D007DE38D /* ex_8_1.c */ = {isa = PBXFileReference; lastKnownFileType = sourcecode.c.c; path = ex_8_1.c; sourceTree = "<group>"; };
		3D01A55A2CD0676E007DE38D /* ex_8_2.c */ = {isa = PBXFileReference; lastKnownFileType = sourcecode.c.c; path = ex_8_2.c; sourceTree = "<group>"; };
		3D01A55C2CD069A8007DE38D /* ex_8_3.c */ = {isa = PBXFileReference; lastKnownFileType = sourcecode.c.c; path = ex_8_3.c; sourceTree = "<group>"; };
		3D01A5622CD0833E007DE38D /* ex_8_4.c */ = {isa = PBXFileReference; lastKnownFileType = sourcecode.c.c; path = ex_8_4.c; sourceTree = "<group>"; };
		3D01A5642CD08511007DE38D /* ex_9_1.c */ = {isa = PBXFileReference; lastKnownFileType = sourcecode.c.c; path = ex_9_1.c; sourceTree = "<group>"; };
		3D01A5662CD08757007DE38D /* ex_9_2.c */ = {isa = PBXFileReference; lastKnownFileType = sourcecode.c.c; path = ex_9_2.c; sourceTree = "<group>"; };
		3D01A5682CD08918007DE38D /* ex_9_3.c */ = {isa = PBXFileReference; lastKnownFileType = sourcecode.c.c; path = ex_9_3.c; sourceTree = "<group>"; };
		3D01A56A2CD08A07007DE38D /* ex_9_4.c */ = {isa = PBXFileReference; lastKnownFileType = sourcecode.c.c; path = ex_9_4.c; sourceTree = "<group>"; };
		3D01A56C2CD08B17007DE38D /* ex_9_5.c */ = {isa = PBXFileReference; lastKnownFileType = sourcecode.c.c; path = ex_9_5.c; sourceTree = "<group>"; };
		3D01A56E2CD08CA3007DE38D /* ex_9_6.c */ = {isa = PBXFileReference; lastKnownFileType = sourcecode.c.c; path = ex_9_6.c; sourceTree = "<group>"; };
		3D01A5702CD08DEC007DE38D /* ex_9_7.c */ = {isa = PBXFileReference; lastKnownFileType = sourcecode.c.c; path = ex_9_7.c; sourceTree = "<group>"; };
		3D01A5722CD08FC9007DE38D /* HW9_1.c */ = {isa = PBXFileReference; lastKnownFileType = sourcecode.c.c; path = HW9_1.c; sourceTree = "<group>"; };
		3D01A5742CD1ADC0007DE38D /* HW9_2.c */ = {isa = PBXFileReference; lastKnownFileType = sourcecode.c.c; path = HW9_2.c; sourceTree = "<group>"; };
		3D01A5762CD1AF14007DE38D /* HW9_3.c */ = {isa = PBXFileReference; lastKnownFileType = sourcecode.c.c; path = HW9_3.c; sourceTree = "<group>"; };
		3D01A57A2CD1E47F007DE38D /* HW9_4.c */ = {isa = PBXFileReference; lastKnownFileType = sourcecode.c.c; path = HW9_4.c; sourceTree = "<group>"; };
		3D01A5DF2CD99DE9007DE38D /* ex_11_1.c */ = {isa = PBXFileReference; lastKnownFileType = sourcecode.c.c; path = ex_11_1.c; sourceTree = "<group>"; };
		3D01A5E12CD99E8C007DE38D /* ex_11_2.c */ = {isa = PBXFileReference; lastKnownFileType = sourcecode.c.c; path = ex_11_2.c; sourceTree = "<group>"; };
		3D01A5E32CD9A0C3007DE38D /* ex_11_3.c */ = {isa = PBXFileReference; lastKnownFileType = sourcecode.c.c; path = ex_11_3.c; sourceTree = "<group>"; };
		3D01A5E52CD9A520007DE38D /* ex_11_4.c */ = {isa = PBXFileReference; lastKnownFileType = sourcecode.c.c; path = ex_11_4.c; sourceTree = "<group>"; };
		3D01A5E92CD9B457007DE38D /* ex_11_5.c */ = {isa = PBXFileReference; lastKnownFileType = sourcecode.c.c; path = ex_11_5.c; sourceTree = "<group>"; };
		3D01A5EB2CD9BDBD007DE38D /* ex_11_6.c */ = {isa = PBXFileReference; lastKnownFileType = sourcecode.c.c; path = ex_11_6.c; sourceTree = "<group>"; };
		3D01A6152CDD861A007DE38D /* ex_10_1.c */ = {isa = PBXFileReference; lastKnownFileType = sourcecode.c.c; path = ex_10_1.c; sourceTree = "<group>"; };
		3D01A6172CDD8631007DE38D /* ex_10_2.c */ = {isa = PBXFileReference; lastKnownFileType = sourcecode.c.c; path = ex_10_2.c; sourceTree = "<group>"; };
		3D01A6192CDD863B007DE38D /* ex_10_3.c */ = {isa = PBXFileReference; lastKnownFileType = sourcecode.c.c; path = ex_10_3.c; sourceTree = "<group>"; };
		3D01A62F2CE2D9D2007DE38D /* ex_11_7.c */ = {isa = PBXFileReference; lastKnownFileType = sourcecode.c.c; path = ex_11_7.c; sourceTree = "<group>"; };
		3D01A6312CE2DC9A007DE38D /* ex_11_8.c */ = {isa = PBXFileReference; lastKnownFileType = sourcecode.c.c; path = ex_11_8.c; sourceTree = "<group>"; };
		3D01A6332CE2DD81007DE38D /* ex_11_9.c */ = {isa = PBXFileReference; lastKnownFileType = sourcecode.c.c; path = ex_11_9.c; sourceTree = "<group>"; };
		3D01A6382CE2EC81007DE38D /* ex_11_10.c */ = {isa = PBXFileReference; lastKnownFileType = sourcecode.c.c; path = ex_11_10.c; sourceTree = "<group>"; };
		3D01A6442CE9D863007DE38D /* HW11_1.c */ = {isa = PBXFileReference; lastKnownFileType = sourcecode.c.c; path = HW11_1.c; sourceTree = "<group>"; };
		3D01A6472CE9DAA3007DE38D /* HW11_2.c */ = {isa = PBXFileReference; lastKnownFileType = sourcecode.c.c; path = HW11_2.c; sourceTree = "<group>"; };
		3D01A6492CE9DCB8007DE38D /* HW11_3.c */ = {isa = PBXFileReference; lastKnownFileType = sourcecode.c.c; path = HW11_3.c; sourceTree = "<group>"; };
		3D01A64B2CE9DF9E007DE38D /* HW11_4.c */ = {isa = PBXFileReference; lastKnownFileType = sourcecode.c.c; path = HW11_4.c; sourceTree = "<group>"; };
		3D01A64E2CEC10AB007DE38D /* ex_12_1.c */ = {isa = PBXFileReference; lastKnownFileType = sourcecode.c.c; path = ex_12_1.c; sourceTree = "<group>"; };
		3D01A6502CEC204B007DE38D /* ex_12_2.c */ = {isa = PBXFileReference; lastKnownFileType = sourcecode.c.c; path = ex_12_2.c; sourceTree = "<group>"; };
		3D09CB502C8FC81200DEB171 /* ex_3_1.c */ = {isa = PBXFileReference; lastKnownFileType = sourcecode.c.c; path = ex_3_1.c; sourceTree = "<group>"; };
		3D09CB532C8FDC1D00DEB171 /* HW3_1.c */ = {isa = PBXFileReference; lastKnownFileType = sourcecode.c.c; path = HW3_1.c; sourceTree = "<group>"; };
		3D2C8F1B2CEC3BEC008253AA /* HW12_1.c */ = {isa = PBXFileReference; lastKnownFileType = sourcecode.c.c; path = HW12_1.c; sourceTree = "<group>"; };
		3D2C8F3B2CF49911008253AA /* ex_12_3.c */ = {isa = PBXFileReference; lastKnownFileType = sourcecode.c.c; path = ex_12_3.c; sourceTree = "<group>"; };
		3D2C8F3D2CF49CF8008253AA /* HW12_2.c */ = {isa = PBXFileReference; lastKnownFileType = sourcecode.c.c; path = HW12_2.c; sourceTree = "<group>"; };
		3D2C8F3F2CF4A396008253AA /* HW12_3.c */ = {isa = PBXFileReference; lastKnownFileType = sourcecode.c.c; path = HW12_3.c; sourceTree = "<group>"; };
		3D2C8F412CF4A4F1008253AA /* HW12_4.c */ = {isa = PBXFileReference; lastKnownFileType = sourcecode.c.c; path = HW12_4.c; sourceTree = "<group>"; };
		3D2C8F432CF4AB80008253AA /* HW12_5.c */ = {isa = PBXFileReference; lastKnownFileType = sourcecode.c.c; path = HW12_5.c; sourceTree = "<group>"; };
		3D5D9E3B2C8FE5E800604F6D /* ex_3_2.c */ = {isa = PBXFileReference; lastKnownFileType = sourcecode.c.c; path = ex_3_2.c; sourceTree = "<group>"; };
		3D5D9E3D2C8FE78300604F6D /* ex_3_3.c */ = {isa = PBXFileReference; lastKnownFileType = sourcecode.c.c; path = ex_3_3.c; sourceTree = "<group>"; };
		3D5D9E3F2C8FEAD300604F6D /* ex_3_4.c */ = {isa = PBXFileReference; lastKnownFileType = sourcecode.c.c; path = ex_3_4.c; sourceTree = "<group>"; };
		3D5D9E412C8FF08F00604F6D /* HW3_2.c */ = {isa = PBXFileReference; lastKnownFileType = sourcecode.c.c; path = HW3_2.c; sourceTree = "<group>"; };
		3D5D9E432C8FF1A900604F6D /* HW3_3.c */ = {isa = PBXFileReference; lastKnownFileType = sourcecode.c.c; path = HW3_3.c; sourceTree = "<group>"; };
		3D82FCC72C893B0A00002501 /* HW2_1.c */ = {isa = PBXFileReference; lastKnownFileType = sourcecode.c.c; path = HW2_1.c; sourceTree = "<group>"; };
		3D82FCC92C893BD300002501 /* HW2_2.c */ = {isa = PBXFileReference; lastKnownFileType = sourcecode.c.c; path = HW2_2.c; sourceTree = "<group>"; };
		3D82FCCB2C8949D300002501 /* HW2_3.c */ = {isa = PBXFileReference; lastKnownFileType = sourcecode.c.c; path = HW2_3.c; sourceTree = "<group>"; };
		3D971F0F2C86928200AD24B3 /* C_Programming_Tutorial */ = {isa = PBXFileReference; explicitFileType = "compiled.mach-o.executable"; includeInIndex = 0; path = C_Programming_Tutorial; sourceTree = BUILT_PRODUCTS_DIR; };
		3D971F192C8692B100AD24B3 /* work01.c */ = {isa = PBXFileReference; fileEncoding = 4; lastKnownFileType = sourcecode.c.c; path = work01.c; sourceTree = "<group>"; };
		3D971F1D2C8692DF00AD24B3 /* work02.c */ = {isa = PBXFileReference; fileEncoding = 4; lastKnownFileType = sourcecode.c.c; path = work02.c; sourceTree = "<group>"; };
		3D971F1F2C8692EE00AD24B3 /* work03.c */ = {isa = PBXFileReference; fileEncoding = 4; lastKnownFileType = sourcecode.c.c; path = work03.c; sourceTree = "<group>"; };
		3D971F212C8692F600AD24B3 /* work04.c */ = {isa = PBXFileReference; fileEncoding = 4; lastKnownFileType = sourcecode.c.c; path = work04.c; sourceTree = "<group>"; };
		3D971F232C8692FA00AD24B3 /* work05.c */ = {isa = PBXFileReference; fileEncoding = 4; lastKnownFileType = sourcecode.c.c; path = work05.c; sourceTree = "<group>"; };
		3D971F252C86930400AD24B3 /* work08.c */ = {isa = PBXFileReference; fileEncoding = 4; lastKnownFileType = sourcecode.c.c; path = work08.c; sourceTree = "<group>"; };
		3D971F262C86930400AD24B3 /* work11.c */ = {isa = PBXFileReference; fileEncoding = 4; lastKnownFileType = sourcecode.c.c; path = work11.c; sourceTree = "<group>"; };
		3D971F272C86930400AD24B3 /* work07.c */ = {isa = PBXFileReference; fileEncoding = 4; lastKnownFileType = sourcecode.c.c; path = work07.c; sourceTree = "<group>"; };
		3D971F282C86930400AD24B3 /* work12.c */ = {isa = PBXFileReference; fileEncoding = 4; lastKnownFileType = sourcecode.c.c; path = work12.c; sourceTree = "<group>"; };
		3D971F292C86930400AD24B3 /* work10.c */ = {isa = PBXFileReference; fileEncoding = 4; lastKnownFileType = sourcecode.c.c; path = work10.c; sourceTree = "<group>"; };
		3D971F2A2C86930400AD24B3 /* work09.c */ = {isa = PBXFileReference; fileEncoding = 4; lastKnownFileType = sourcecode.c.c; path = work09.c; sourceTree = "<group>"; };
		3D971F2B2C86930400AD24B3 /* work06.c */ = {isa = PBXFileReference; fileEncoding = 4; lastKnownFileType = sourcecode.c.c; path = work06.c; sourceTree = "<group>"; };
		3D971F332C86930F00AD24B3 /* work14.c */ = {isa = PBXFileReference; fileEncoding = 4; lastKnownFileType = sourcecode.c.c; path = work14.c; sourceTree = "<group>"; };
		3D971F342C86930F00AD24B3 /* work16.c */ = {isa = PBXFileReference; fileEncoding = 4; lastKnownFileType = sourcecode.c.c; path = work16.c; sourceTree = "<group>"; };
		3D971F352C86930F00AD24B3 /* work15.c */ = {isa = PBXFileReference; fileEncoding = 4; lastKnownFileType = sourcecode.c.c; path = work15.c; sourceTree = "<group>"; };
		3D971F362C86930F00AD24B3 /* work13.c */ = {isa = PBXFileReference; fileEncoding = 4; lastKnownFileType = sourcecode.c.c; path = work13.c; sourceTree = "<group>"; };
		3D971F422C869E2B00AD24B3 /* ex_2_3.c */ = {isa = PBXFileReference; lastKnownFileType = sourcecode.c.c; path = ex_2_3.c; sourceTree = "<group>"; };
		3D971F442C869F2600AD24B3 /* ex_2_4.c */ = {isa = PBXFileReference; lastKnownFileType = sourcecode.c.c; path = ex_2_4.c; sourceTree = "<group>"; };
		3D971F462C86AD0D00AD24B3 /* ex_2_5.c */ = {isa = PBXFileReference; lastKnownFileType = sourcecode.c.c; path = ex_2_5.c; sourceTree = "<group>"; };
		3D971F482C86BA3900AD24B3 /* ex_2_6.c */ = {isa = PBXFileReference; lastKnownFileType = sourcecode.c.c; path = ex_2_6.c; sourceTree = "<group>"; };
/* End PBXFileReference section */

/* Begin PBXFrameworksBuildPhase section */
		3D971F0C2C86928200AD24B3 /* Frameworks */ = {
			isa = PBXFrameworksBuildPhase;
			buildActionMask = 2147483647;
			files = (
			);
			runOnlyForDeploymentPostprocessing = 0;
		};
/* End PBXFrameworksBuildPhase section */

/* Begin PBXGroup section */
		3D01A5492CC736B0007DE38D /* midterm */ = {
			isa = PBXGroup;
			children = (
				3D01A54A2CC736D0007DE38D /* test_midterm.c */,
				3D01A54C2CC7378B007DE38D /* 202120819이승호_1.c */,
				3D01A54E2CC7395E007DE38D /* 202120819이승호_2.c */,
				3D01A5502CC73C76007DE38D /* 202120819이승호_3.c */,
			);
			path = midterm;
			sourceTree = "<group>";
		};
		3D01A61B2CDD8640007DE38D /* ex_10 */ = {
			isa = PBXGroup;
			children = (
				3D01A6152CDD861A007DE38D /* ex_10_1.c */,
				3D01A6172CDD8631007DE38D /* ex_10_2.c */,
				3D01A6192CDD863B007DE38D /* ex_10_3.c */,
			);
			path = ex_10;
			sourceTree = "<group>";
		};
		3D01A61C2CDD864F007DE38D /* ex_9 */ = {
			isa = PBXGroup;
			children = (
				3D01A5642CD08511007DE38D /* ex_9_1.c */,
				3D01A5662CD08757007DE38D /* ex_9_2.c */,
				3D01A5682CD08918007DE38D /* ex_9_3.c */,
				3D01A56A2CD08A07007DE38D /* ex_9_4.c */,
				3D01A56C2CD08B17007DE38D /* ex_9_5.c */,
				3D01A56E2CD08CA3007DE38D /* ex_9_6.c */,
				3D01A5702CD08DEC007DE38D /* ex_9_7.c */,
			);
			path = ex_9;
			sourceTree = "<group>";
		};
		3D01A61D2CDD8661007DE38D /* ex_8 */ = {
			isa = PBXGroup;
			children = (
				3D01A5582CD0620D007DE38D /* ex_8_1.c */,
				3D01A55A2CD0676E007DE38D /* ex_8_2.c */,
				3D01A55C2CD069A8007DE38D /* ex_8_3.c */,
				3D01A5622CD0833E007DE38D /* ex_8_4.c */,
			);
			path = ex_8;
			sourceTree = "<group>";
		};
		3D01A61E2CDD8670007DE38D /* ex_7 */ = {
			isa = PBXGroup;
			children = (
				3D01A51F2CBDE995007DE38D /* ex_7_1.c */,
				3D01A5212CBDEF58007DE38D /* ex_7_2.c */,
				3D01A5252CBE0249007DE38D /* ex_7_3.c */,
				3D01A5272CBE040C007DE38D /* ex_7_4.c */,
				3D01A5292CBE09A4007DE38D /* ex_7_5.c */,
				3D01A52B2CBE0D6D007DE38D /* ex_7_6.c */,
			);
			path = ex_7;
			sourceTree = "<group>";
		};
		3D01A61F2CDD8689007DE38D /* ex_6 */ = {
			isa = PBXGroup;
			children = (
				3D01A5012CB4B55F007DE38D /* ex_6_1.c */,
				3D01A5032CB4BE63007DE38D /* ex_6_2.c */,
				3D01A5052CB4C22F007DE38D /* ex_6_3.c */,
				3D01A5072CB4C9AB007DE38D /* ex_6_4.c */,
				3D01A5092CB4D3F7007DE38D /* ex_6_5.c */,
				3D01A50B2CB4D54A007DE38D /* ex_6_6.c */,
				3D01A50D2CB4D691007DE38D /* ex_6_7.c */,
				3D01A50F2CB4D909007DE38D /* ex_6_8.c */,
				3D01A5112CB4D9BF007DE38D /* ex_6_9.c */,
				3D01A5132CB4DAAA007DE38D /* ex_6_10.c */,
			);
			path = ex_6;
			sourceTree = "<group>";
		};
		3D01A6202CDD86A4007DE38D /* ex_2 */ = {
			isa = PBXGroup;
			children = (
				3D971F422C869E2B00AD24B3 /* ex_2_3.c */,
				3D971F442C869F2600AD24B3 /* ex_2_4.c */,
				3D971F462C86AD0D00AD24B3 /* ex_2_5.c */,
				3D971F482C86BA3900AD24B3 /* ex_2_6.c */,
			);
			path = ex_2;
			sourceTree = "<group>";
		};
		3D01A6212CDD86B7007DE38D /* ex_3 */ = {
			isa = PBXGroup;
			children = (
				3D09CB502C8FC81200DEB171 /* ex_3_1.c */,
				3D5D9E3B2C8FE5E800604F6D /* ex_3_2.c */,
				3D5D9E3D2C8FE78300604F6D /* ex_3_3.c */,
				3D5D9E3F2C8FEAD300604F6D /* ex_3_4.c */,
			);
			path = ex_3;
			sourceTree = "<group>";
		};
		3D01A6222CDD8DE1007DE38D /* ex_11 */ = {
			isa = PBXGroup;
			children = (
				3D01A5DF2CD99DE9007DE38D /* ex_11_1.c */,
				3D01A5E12CD99E8C007DE38D /* ex_11_2.c */,
				3D01A5E32CD9A0C3007DE38D /* ex_11_3.c */,
				3D01A5E52CD9A520007DE38D /* ex_11_4.c */,
				3D01A5E92CD9B457007DE38D /* ex_11_5.c */,
				3D01A5EB2CD9BDBD007DE38D /* ex_11_6.c */,
				3D01A62F2CE2D9D2007DE38D /* ex_11_7.c */,
				3D01A6312CE2DC9A007DE38D /* ex_11_8.c */,
				3D01A6332CE2DD81007DE38D /* ex_11_9.c */,
				3D01A6382CE2EC81007DE38D /* ex_11_10.c */,
			);
			path = ex_11;
			sourceTree = "<group>";
		};
		3D01A6232CDD8DF8007DE38D /* ex_4 */ = {
			isa = PBXGroup;
			children = (
				3D01A4312CA23D59007DE38D /* ex_4_1.c */,
				3D01A4332CA24BEA007DE38D /* ex_4_2.c */,
				3D01A4352CA25A27007DE38D /* ex_4_3.c */,
				3D01A4372CA25D59007DE38D /* ex_4_4.c */,
				3D01A4392CA25FA0007DE38D /* ex_4_5.c */,
				3D01A43B2CA26232007DE38D /* ex_4_6.c */,
				3D01A43D2CA26574007DE38D /* ex_4_7.c */,
				3D01A43F2CA2664E007DE38D /* ex_4_8.c */,
			);
			path = ex_4;
			sourceTree = "<group>";
		};
		3D01A6242CDD8E0C007DE38D /* ex_5 */ = {
			isa = PBXGroup;
			children = (
				3D01A44B2CAB7A55007DE38D /* ex_5_1.c */,
				3D01A44D2CAB7BF5007DE38D /* ex_5_2.c */,
				3D01A44F2CAB929B007DE38D /* ex_5_3.c */,
				3D01A4512CAB9361007DE38D /* ex_5_4.c */,
				3D01A4532CAB9D0B007DE38D /* ex_5_5.c */,
				3D01A4552CABA0E4007DE38D /* ex_5_6.c */,
				3D01A4E82CAF61D5007DE38D /* ex_5_7.c */,
				3D01A4F62CAF9784007DE38D /* ex_5_8.c */,
				3D01A4EC2CAF6518007DE38D /* ex_5_9.c */,
			);
			path = ex_5;
			sourceTree = "<group>";
		};
		3D01A6252CDD8E20007DE38D /* HW2 */ = {
			isa = PBXGroup;
			children = (
				3D82FCC72C893B0A00002501 /* HW2_1.c */,
				3D82FCC92C893BD300002501 /* HW2_2.c */,
				3D82FCCB2C8949D300002501 /* HW2_3.c */,
			);
			path = HW2;
			sourceTree = "<group>";
		};
		3D01A6262CDD8E2D007DE38D /* HW3 */ = {
			isa = PBXGroup;
			children = (
				3D09CB532C8FDC1D00DEB171 /* HW3_1.c */,
				3D5D9E412C8FF08F00604F6D /* HW3_2.c */,
				3D5D9E432C8FF1A900604F6D /* HW3_3.c */,
				3D01A42F2C8FF7BA007DE38D /* HW3_4.c */,
			);
			path = HW3;
			sourceTree = "<group>";
		};
		3D01A6282CDD8E3F007DE38D /* HW4 */ = {
			isa = PBXGroup;
			children = (
				3D01A4412CA26B31007DE38D /* HW4_1.c */,
				3D01A4432CA5209F007DE38D /* HW4_2.c */,
				3D01A4452CA521D8007DE38D /* HW4_3.c */,
				3D01A4472CA5231A007DE38D /* HW4_4.c */,
				3D01A4492CA5240D007DE38D /* HW4_5.c */,
			);
			path = HW4;
			sourceTree = "<group>";
		};
		3D01A6292CDD8E81007DE38D /* HW5 */ = {
			isa = PBXGroup;
			children = (
				3D01A4F02CAF8CDF007DE38D /* HW5_1.c */,
				3D01A4F22CAF8EC6007DE38D /* HW5_2.c */,
				3D01A4F82CAF98F0007DE38D /* HW5_3.c */,
				3D01A4FA2CAF9E28007DE38D /* HW5_4.c */,
			);
			path = HW5;
			sourceTree = "<group>";
		};
		3D01A62A2CDD8E8E007DE38D /* HW6 */ = {
			isa = PBXGroup;
			children = (
				3D01A5172CB4DD2E007DE38D /* HW6_1.c */,
				3D01A5192CB4DDD5007DE38D /* HW6_2.c */,
				3D01A51B2CB4DEAD007DE38D /* HW6_3.c */,
				3D01A5232CBDF217007DE38D /* HW6_4.c */,
			);
			path = HW6;
			sourceTree = "<group>";
		};
		3D01A62B2CDD8EA3007DE38D /* HW7 */ = {
			isa = PBXGroup;
			children = (
				3D01A52D2CBE11C1007DE38D /* HW7_1.c */,
				3D01A52F2CBE1358007DE38D /* HW7_2.c */,
				3D01A5312CBE14DD007DE38D /* HW7_3.c */,
				3D01A5332CBE1A02007DE38D /* HW7_4.c */,
				3D01A53D2CC5282D007DE38D /* HW7_5.c */,
			);
			path = HW7;
			sourceTree = "<group>";
		};
		3D01A6432CE9D855007DE38D /* HW11 */ = {
			isa = PBXGroup;
			children = (
				3D01A6442CE9D863007DE38D /* HW11_1.c */,
				3D01A6472CE9DAA3007DE38D /* HW11_2.c */,
				3D01A6492CE9DCB8007DE38D /* HW11_3.c */,
				3D01A64B2CE9DF9E007DE38D /* HW11_4.c */,
			);
			path = HW11;
			sourceTree = "<group>";
		};
		3D01A6462CE9DA55007DE38D /* HW9 */ = {
			isa = PBXGroup;
			children = (
				3D01A5722CD08FC9007DE38D /* HW9_1.c */,
				3D01A5742CD1ADC0007DE38D /* HW9_2.c */,
				3D01A5762CD1AF14007DE38D /* HW9_3.c */,
				3D01A57A2CD1E47F007DE38D /* HW9_4.c */,
			);
			path = HW9;
			sourceTree = "<group>";
		};
		3D01A64D2CEC1082007DE38D /* ex_12 */ = {
			isa = PBXGroup;
			children = (
				3D01A64E2CEC10AB007DE38D /* ex_12_1.c */,
				3D01A6502CEC204B007DE38D /* ex_12_2.c */,
				3D2C8F3B2CF49911008253AA /* ex_12_3.c */,
			);
			path = ex_12;
			sourceTree = "<group>";
		};
		3D2C8F1A2CEC3BBE008253AA /* HW12 */ = {
			isa = PBXGroup;
			children = (
				3D2C8F1B2CEC3BEC008253AA /* HW12_1.c */,
				3D2C8F3D2CF49CF8008253AA /* HW12_2.c */,
				3D2C8F3F2CF4A396008253AA /* HW12_3.c */,
				3D2C8F412CF4A4F1008253AA /* HW12_4.c */,
				3D2C8F432CF4AB80008253AA /* HW12_5.c */,
			);
			path = HW12;
			sourceTree = "<group>";
		};
		3D82FCC62C893AF900002501 /* hw */ = {
			isa = PBXGroup;
			children = (
				3D01A6252CDD8E20007DE38D /* HW2 */,
				3D01A6262CDD8E2D007DE38D /* HW3 */,
				3D01A6282CDD8E3F007DE38D /* HW4 */,
				3D01A6292CDD8E81007DE38D /* HW5 */,
				3D01A62A2CDD8E8E007DE38D /* HW6 */,
				3D01A62B2CDD8EA3007DE38D /* HW7 */,
				3D01A6462CE9DA55007DE38D /* HW9 */,
				3D01A6432CE9D855007DE38D /* HW11 */,
				3D2C8F1A2CEC3BBE008253AA /* HW12 */,
			);
			path = hw;
			sourceTree = "<group>";
		};
		3D971F062C86928200AD24B3 = {
			isa = PBXGroup;
			children = (
				3D01A5492CC736B0007DE38D /* midterm */,
				3D971F112C86928200AD24B3 /* C_Programming_Tutorial */,
				3D971F102C86928200AD24B3 /* Products */,
			);
			sourceTree = "<group>";
		};
		3D971F102C86928200AD24B3 /* Products */ = {
			isa = PBXGroup;
			children = (
				3D971F0F2C86928200AD24B3 /* C_Programming_Tutorial */,
			);
			name = Products;
			sourceTree = "<group>";
		};
		3D971F112C86928200AD24B3 /* C_Programming_Tutorial */ = {
			isa = PBXGroup;
			children = (
				3D82FCC62C893AF900002501 /* hw */,
				3D971F3F2C86993000AD24B3 /* ex */,
				3D971F3B2C86933F00AD24B3 /* work */,
			);
			path = C_Programming_Tutorial;
			sourceTree = "<group>";
		};
		3D971F3B2C86933F00AD24B3 /* work */ = {
			isa = PBXGroup;
			children = (
				3D971F192C8692B100AD24B3 /* work01.c */,
				3D971F1D2C8692DF00AD24B3 /* work02.c */,
				3D971F1F2C8692EE00AD24B3 /* work03.c */,
				3D971F212C8692F600AD24B3 /* work04.c */,
				3D971F232C8692FA00AD24B3 /* work05.c */,
				3D971F2B2C86930400AD24B3 /* work06.c */,
				3D971F272C86930400AD24B3 /* work07.c */,
				3D971F252C86930400AD24B3 /* work08.c */,
				3D971F2A2C86930400AD24B3 /* work09.c */,
				3D971F292C86930400AD24B3 /* work10.c */,
				3D971F262C86930400AD24B3 /* work11.c */,
				3D971F282C86930400AD24B3 /* work12.c */,
				3D971F362C86930F00AD24B3 /* work13.c */,
				3D971F332C86930F00AD24B3 /* work14.c */,
				3D971F352C86930F00AD24B3 /* work15.c */,
				3D971F342C86930F00AD24B3 /* work16.c */,
			);
			path = work;
			sourceTree = "<group>";
		};
		3D971F3F2C86993000AD24B3 /* ex */ = {
			isa = PBXGroup;
			children = (
				3D01A6202CDD86A4007DE38D /* ex_2 */,
				3D01A6212CDD86B7007DE38D /* ex_3 */,
				3D01A6232CDD8DF8007DE38D /* ex_4 */,
				3D01A6242CDD8E0C007DE38D /* ex_5 */,
				3D01A61F2CDD8689007DE38D /* ex_6 */,
				3D01A61E2CDD8670007DE38D /* ex_7 */,
				3D01A61D2CDD8661007DE38D /* ex_8 */,
				3D01A61C2CDD864F007DE38D /* ex_9 */,
				3D01A61B2CDD8640007DE38D /* ex_10 */,
				3D01A6222CDD8DE1007DE38D /* ex_11 */,
				3D01A64D2CEC1082007DE38D /* ex_12 */,
			);
			path = ex;
			sourceTree = "<group>";
		};
/* End PBXGroup section */

/* Begin PBXNativeTarget section */
		3D971F0E2C86928200AD24B3 /* C_Programming_Tutorial */ = {
			isa = PBXNativeTarget;
			buildConfigurationList = 3D971F162C86928200AD24B3 /* Build configuration list for PBXNativeTarget "C_Programming_Tutorial" */;
			buildPhases = (
				3D971F0B2C86928200AD24B3 /* Sources */,
				3D971F0C2C86928200AD24B3 /* Frameworks */,
				3D971F0D2C86928200AD24B3 /* CopyFiles */,
			);
			buildRules = (
			);
			dependencies = (
			);
			name = C_Programming_Tutorial;
			productName = C_Programming_Tutorial;
			productReference = 3D971F0F2C86928200AD24B3 /* C_Programming_Tutorial */;
			productType = "com.apple.product-type.tool";
		};
/* End PBXNativeTarget section */

/* Begin PBXProject section */
		3D971F072C86928200AD24B3 /* Project object */ = {
			isa = PBXProject;
			attributes = {
				BuildIndependentTargetsInParallel = 1;
				LastUpgradeCheck = 1500;
				TargetAttributes = {
					3D971F0E2C86928200AD24B3 = {
						CreatedOnToolsVersion = 15.0;
					};
				};
			};
			buildConfigurationList = 3D971F0A2C86928200AD24B3 /* Build configuration list for PBXProject "C_Programming_Tutorial" */;
			compatibilityVersion = "Xcode 14.0";
			developmentRegion = en;
			hasScannedForEncodings = 0;
			knownRegions = (
				en,
				Base,
			);
			mainGroup = 3D971F062C86928200AD24B3;
			productRefGroup = 3D971F102C86928200AD24B3 /* Products */;
			projectDirPath = "";
			projectRoot = "";
			targets = (
				3D971F0E2C86928200AD24B3 /* C_Programming_Tutorial */,
			);
		};
/* End PBXProject section */

/* Begin PBXSourcesBuildPhase section */
		3D971F0B2C86928200AD24B3 /* Sources */ = {
			isa = PBXSourcesBuildPhase;
			buildActionMask = 2147483647;
			files = (
				3D01A4F92CAF98F0007DE38D /* HW5_3.c in Sources */,
				3D01A5692CD08918007DE38D /* ex_9_3.c in Sources */,
				3D01A52C2CBE0D6D007DE38D /* ex_7_6.c in Sources */,
				3D2C8F442CF4AB80008253AA /* HW12_5.c in Sources */,
				3D01A4482CA5231A007DE38D /* HW4_4.c in Sources */,
				3D01A5672CD08757007DE38D /* ex_9_2.c in Sources */,
				3D01A64F2CEC10AB007DE38D /* ex_12_1.c in Sources */,
				3D5D9E422C8FF08F00604F6D /* HW3_2.c in Sources */,
				3D2C8F422CF4A4F1008253AA /* HW12_4.c in Sources */,
				3D2C8F1C2CEC3BEC008253AA /* HW12_1.c in Sources */,
				3D01A5732CD08FC9007DE38D /* HW9_1.c in Sources */,
				3D01A6162CDD861A007DE38D /* ex_10_1.c in Sources */,
				3D01A57B2CD1E47F007DE38D /* HW9_4.c in Sources */,
				3D09CB542C8FDC1D00DEB171 /* HW3_1.c in Sources */,
				3D01A4502CAB929B007DE38D /* ex_5_3.c in Sources */,
				3D01A5632CD0833E007DE38D /* ex_8_4.c in Sources */,
				3D01A5182CB4DD2E007DE38D /* HW6_1.c in Sources */,
				3D01A5512CC73C76007DE38D /* 202120819이승호_3.c in Sources */,
				3D01A64A2CE9DCB8007DE38D /* HW11_3.c in Sources */,
				3D01A50A2CB4D3F7007DE38D /* ex_6_5.c in Sources */,
				3D01A6322CE2DC9A007DE38D /* ex_11_8.c in Sources */,
				3D01A43C2CA26232007DE38D /* ex_4_6.c in Sources */,
				3D01A5242CBDF217007DE38D /* HW6_4.c in Sources */,
				3D01A43E2CA26574007DE38D /* ex_4_7.c in Sources */,
				3D01A5712CD08DEC007DE38D /* ex_9_7.c in Sources */,
				3D01A4442CA5209F007DE38D /* HW4_2.c in Sources */,
				3D01A5652CD08511007DE38D /* ex_9_1.c in Sources */,
				3D09CB512C8FC81200DEB171 /* ex_3_1.c in Sources */,
				3D01A5062CB4C22F007DE38D /* ex_6_3.c in Sources */,
				3D2C8F3E2CF49CF8008253AA /* HW12_2.c in Sources */,
				3D01A5592CD0620D007DE38D /* ex_8_1.c in Sources */,
				3D82FCCC2C8949D300002501 /* HW2_3.c in Sources */,
				3D971F3A2C86930F00AD24B3 /* work13.c in Sources */,
				3D01A6392CE2EC81007DE38D /* ex_11_10.c in Sources */,
				3D01A5E62CD9A520007DE38D /* ex_11_4.c in Sources */,
				3D2C8F402CF4A396008253AA /* HW12_3.c in Sources */,
				3D01A44E2CAB7BF5007DE38D /* ex_5_2.c in Sources */,
				3D01A6302CE2D9D2007DE38D /* ex_11_7.c in Sources */,
				3D01A43A2CA25FA0007DE38D /* ex_4_5.c in Sources */,
				3D01A6512CEC204B007DE38D /* ex_12_2.c in Sources */,
				3D01A4402CA2664E007DE38D /* ex_4_8.c in Sources */,
				3D971F2C2C86930400AD24B3 /* work08.c in Sources */,
				3D971F472C86AD0D00AD24B3 /* ex_2_5.c in Sources */,
				3D01A51C2CB4DEAD007DE38D /* HW6_3.c in Sources */,
				3D971F432C869E2B00AD24B3 /* ex_2_3.c in Sources */,
				3D01A5142CB4DAAA007DE38D /* ex_6_10.c in Sources */,
				3D971F492C86BA3900AD24B3 /* ex_2_6.c in Sources */,
				3D01A4562CABA0E4007DE38D /* ex_5_6.c in Sources */,
				3D01A5042CB4BE63007DE38D /* ex_6_2.c in Sources */,
				3D01A4362CA25A27007DE38D /* ex_4_3.c in Sources */,
				3D971F382C86930F00AD24B3 /* work16.c in Sources */,
				3D82FCC82C893B0A00002501 /* HW2_1.c in Sources */,
				3D971F222C8692F600AD24B3 /* work04.c in Sources */,
				3D01A5EC2CD9BDBD007DE38D /* ex_11_6.c in Sources */,
				3D01A44A2CA5240D007DE38D /* HW4_5.c in Sources */,
				3D01A4FB2CAF9E28007DE38D /* HW5_4.c in Sources */,
				3D01A4ED2CAF6518007DE38D /* ex_5_9.c in Sources */,
				3D5D9E442C8FF1A900604F6D /* HW3_3.c in Sources */,
				3D971F322C86930400AD24B3 /* work06.c in Sources */,
				3D01A55D2CD069A8007DE38D /* ex_8_3.c in Sources */,
				3D01A55B2CD0676E007DE38D /* ex_8_2.c in Sources */,
				3D01A50C2CB4D54A007DE38D /* ex_6_6.c in Sources */,
				3D01A56B2CD08A07007DE38D /* ex_9_4.c in Sources */,
				3D01A52A2CBE09A4007DE38D /* ex_7_5.c in Sources */,
				3D01A4422CA26B31007DE38D /* HW4_1.c in Sources */,
				3D01A54F2CC7395E007DE38D /* 202120819이승호_2.c in Sources */,
				3D01A61A2CDD863B007DE38D /* ex_10_3.c in Sources */,
				3D01A6182CDD8631007DE38D /* ex_10_2.c in Sources */,
				3D01A5122CB4D9BF007DE38D /* ex_6_9.c in Sources */,
				3D2C8F3C2CF49911008253AA /* ex_12_3.c in Sources */,
				3D01A53E2CC5282D007DE38D /* HW7_5.c in Sources */,
				3D01A51A2CB4DDD5007DE38D /* HW6_2.c in Sources */,
				3D01A4F32CAF8EC6007DE38D /* HW5_2.c in Sources */,
				3D01A4462CA521D8007DE38D /* HW4_3.c in Sources */,
				3D971F1E2C8692DF00AD24B3 /* work02.c in Sources */,
				3D01A5E42CD9A0C3007DE38D /* ex_11_3.c in Sources */,
				3D5D9E3C2C8FE5E800604F6D /* ex_3_2.c in Sources */,
				3D01A4302C8FF7BA007DE38D /* HW3_4.c in Sources */,
				3D01A4F72CAF9784007DE38D /* ex_5_8.c in Sources */,
				3D01A4542CAB9D0B007DE38D /* ex_5_5.c in Sources */,
				3D01A6482CE9DAA3007DE38D /* HW11_2.c in Sources */,
				3D01A54D2CC7378B007DE38D /* 202120819이승호_1.c in Sources */,
				3D01A5322CBE14DD007DE38D /* HW7_3.c in Sources */,
				3D01A5262CBE0249007DE38D /* ex_7_3.c in Sources */,
				3D01A44C2CAB7A55007DE38D /* ex_5_1.c in Sources */,
				3D971F302C86930400AD24B3 /* work10.c in Sources */,
				3D01A5772CD1AF14007DE38D /* HW9_3.c in Sources */,
				3D01A4E92CAF61D5007DE38D /* ex_5_7.c in Sources */,
				3D5D9E3E2C8FE78300604F6D /* ex_3_3.c in Sources */,
				3D01A5282CBE040C007DE38D /* ex_7_4.c in Sources */,
				3D01A56F2CD08CA3007DE38D /* ex_9_6.c in Sources */,
				3D01A52E2CBE11C1007DE38D /* HW7_1.c in Sources */,
				3D01A50E2CB4D691007DE38D /* ex_6_7.c in Sources */,
				3D01A6452CE9D863007DE38D /* HW11_1.c in Sources */,
				3D971F2E2C86930400AD24B3 /* work07.c in Sources */,
				3D971F372C86930F00AD24B3 /* work14.c in Sources */,
				3D01A5E02CD99DE9007DE38D /* ex_11_1.c in Sources */,
				3D971F2F2C86930400AD24B3 /* work12.c in Sources */,
				3D01A5222CBDEF58007DE38D /* ex_7_2.c in Sources */,
				3D01A64C2CE9DF9E007DE38D /* HW11_4.c in Sources */,
				3D01A5022CB4B55F007DE38D /* ex_6_1.c in Sources */,
				3D01A5E22CD99E8C007DE38D /* ex_11_2.c in Sources */,
				3D01A56D2CD08B17007DE38D /* ex_9_5.c in Sources */,
				3D5D9E402C8FEAD300604F6D /* ex_3_4.c in Sources */,
				3D971F242C8692FA00AD24B3 /* work05.c in Sources */,
				3D971F312C86930400AD24B3 /* work09.c in Sources */,
				3D01A5082CB4C9AB007DE38D /* ex_6_4.c in Sources */,
				3D01A4382CA25D59007DE38D /* ex_4_4.c in Sources */,
				3D01A4322CA23D59007DE38D /* ex_4_1.c in Sources */,
				3D01A5102CB4D909007DE38D /* ex_6_8.c in Sources */,
				3D01A5342CBE1A02007DE38D /* HW7_4.c in Sources */,
				3D82FCCA2C893BD300002501 /* HW2_2.c in Sources */,
				3D971F452C869F2600AD24B3 /* ex_2_4.c in Sources */,
				3D01A4F12CAF8CDF007DE38D /* HW5_1.c in Sources */,
				3D971F1A2C8692B100AD24B3 /* work01.c in Sources */,
				3D01A5EA2CD9B457007DE38D /* ex_11_5.c in Sources */,
				3D971F202C8692EE00AD24B3 /* work03.c in Sources */,
				3D01A6342CE2DD81007DE38D /* ex_11_9.c in Sources */,
				3D01A54B2CC736D0007DE38D /* test_midterm.c in Sources */,
				3D971F392C86930F00AD24B3 /* work15.c in Sources */,
				3D01A4522CAB9361007DE38D /* ex_5_4.c in Sources */,
				3D971F2D2C86930400AD24B3 /* work11.c in Sources */,
				3D01A4342CA24BEA007DE38D /* ex_4_2.c in Sources */,
				3D01A5752CD1ADC0007DE38D /* HW9_2.c in Sources */,
				3D01A5302CBE1358007DE38D /* HW7_2.c in Sources */,
				3D01A5202CBDE995007DE38D /* ex_7_1.c in Sources */,
			);
			runOnlyForDeploymentPostprocessing = 0;
		};
/* End PBXSourcesBuildPhase section */

/* Begin XCBuildConfiguration section */
		3D971F142C86928200AD24B3 /* Debug */ = {
			isa = XCBuildConfiguration;
			buildSettings = {
				ALWAYS_SEARCH_USER_PATHS = NO;
				ASSETCATALOG_COMPILER_GENERATE_SWIFT_ASSET_SYMBOL_EXTENSIONS = YES;
				CLANG_ANALYZER_NONNULL = YES;
				CLANG_ANALYZER_NUMBER_OBJECT_CONVERSION = YES_AGGRESSIVE;
				CLANG_CXX_LANGUAGE_STANDARD = "gnu++20";
				CLANG_ENABLE_MODULES = YES;
				CLANG_ENABLE_OBJC_ARC = YES;
				CLANG_ENABLE_OBJC_WEAK = YES;
				CLANG_WARN_BLOCK_CAPTURE_AUTORELEASING = YES;
				CLANG_WARN_BOOL_CONVERSION = YES;
				CLANG_WARN_COMMA = YES;
				CLANG_WARN_CONSTANT_CONVERSION = YES;
				CLANG_WARN_DEPRECATED_OBJC_IMPLEMENTATIONS = YES;
				CLANG_WARN_DIRECT_OBJC_ISA_USAGE = YES_ERROR;
				CLANG_WARN_DOCUMENTATION_COMMENTS = YES;
				CLANG_WARN_EMPTY_BODY = YES;
				CLANG_WARN_ENUM_CONVERSION = YES;
				CLANG_WARN_INFINITE_RECURSION = YES;
				CLANG_WARN_INT_CONVERSION = YES;
				CLANG_WARN_NON_LITERAL_NULL_CONVERSION = YES;
				CLANG_WARN_OBJC_IMPLICIT_RETAIN_SELF = YES;
				CLANG_WARN_OBJC_LITERAL_CONVERSION = YES;
				CLANG_WARN_OBJC_ROOT_CLASS = YES_ERROR;
				CLANG_WARN_QUOTED_INCLUDE_IN_FRAMEWORK_HEADER = YES;
				CLANG_WARN_RANGE_LOOP_ANALYSIS = YES;
				CLANG_WARN_STRICT_PROTOTYPES = YES;
				CLANG_WARN_SUSPICIOUS_MOVE = YES;
				CLANG_WARN_UNGUARDED_AVAILABILITY = YES_AGGRESSIVE;
				CLANG_WARN_UNREACHABLE_CODE = YES;
				CLANG_WARN__DUPLICATE_METHOD_MATCH = YES;
				COPY_PHASE_STRIP = NO;
				DEBUG_INFORMATION_FORMAT = dwarf;
				ENABLE_STRICT_OBJC_MSGSEND = YES;
				ENABLE_TESTABILITY = YES;
				ENABLE_USER_SCRIPT_SANDBOXING = YES;
				GCC_C_LANGUAGE_STANDARD = gnu17;
				GCC_DYNAMIC_NO_PIC = NO;
				GCC_NO_COMMON_BLOCKS = YES;
				GCC_OPTIMIZATION_LEVEL = 0;
				GCC_PREPROCESSOR_DEFINITIONS = (
					"DEBUG=1",
					"$(inherited)",
				);
				GCC_WARN_64_TO_32_BIT_CONVERSION = YES;
				GCC_WARN_ABOUT_RETURN_TYPE = YES_ERROR;
				GCC_WARN_UNDECLARED_SELECTOR = YES;
				GCC_WARN_UNINITIALIZED_AUTOS = YES_AGGRESSIVE;
				GCC_WARN_UNUSED_FUNCTION = YES;
				GCC_WARN_UNUSED_VARIABLE = YES;
				LOCALIZATION_PREFERS_STRING_CATALOGS = YES;
				MACOSX_DEPLOYMENT_TARGET = 14.0;
				MTL_ENABLE_DEBUG_INFO = INCLUDE_SOURCE;
				MTL_FAST_MATH = YES;
				ONLY_ACTIVE_ARCH = YES;
				SDKROOT = macosx;
			};
			name = Debug;
		};
		3D971F152C86928200AD24B3 /* Release */ = {
			isa = XCBuildConfiguration;
			buildSettings = {
				ALWAYS_SEARCH_USER_PATHS = NO;
				ASSETCATALOG_COMPILER_GENERATE_SWIFT_ASSET_SYMBOL_EXTENSIONS = YES;
				CLANG_ANALYZER_NONNULL = YES;
				CLANG_ANALYZER_NUMBER_OBJECT_CONVERSION = YES_AGGRESSIVE;
				CLANG_CXX_LANGUAGE_STANDARD = "gnu++20";
				CLANG_ENABLE_MODULES = YES;
				CLANG_ENABLE_OBJC_ARC = YES;
				CLANG_ENABLE_OBJC_WEAK = YES;
				CLANG_WARN_BLOCK_CAPTURE_AUTORELEASING = YES;
				CLANG_WARN_BOOL_CONVERSION = YES;
				CLANG_WARN_COMMA = YES;
				CLANG_WARN_CONSTANT_CONVERSION = YES;
				CLANG_WARN_DEPRECATED_OBJC_IMPLEMENTATIONS = YES;
				CLANG_WARN_DIRECT_OBJC_ISA_USAGE = YES_ERROR;
				CLANG_WARN_DOCUMENTATION_COMMENTS = YES;
				CLANG_WARN_EMPTY_BODY = YES;
				CLANG_WARN_ENUM_CONVERSION = YES;
				CLANG_WARN_INFINITE_RECURSION = YES;
				CLANG_WARN_INT_CONVERSION = YES;
				CLANG_WARN_NON_LITERAL_NULL_CONVERSION = YES;
				CLANG_WARN_OBJC_IMPLICIT_RETAIN_SELF = YES;
				CLANG_WARN_OBJC_LITERAL_CONVERSION = YES;
				CLANG_WARN_OBJC_ROOT_CLASS = YES_ERROR;
				CLANG_WARN_QUOTED_INCLUDE_IN_FRAMEWORK_HEADER = YES;
				CLANG_WARN_RANGE_LOOP_ANALYSIS = YES;
				CLANG_WARN_STRICT_PROTOTYPES = YES;
				CLANG_WARN_SUSPICIOUS_MOVE = YES;
				CLANG_WARN_UNGUARDED_AVAILABILITY = YES_AGGRESSIVE;
				CLANG_WARN_UNREACHABLE_CODE = YES;
				CLANG_WARN__DUPLICATE_METHOD_MATCH = YES;
				COPY_PHASE_STRIP = NO;
				DEBUG_INFORMATION_FORMAT = "dwarf-with-dsym";
				ENABLE_NS_ASSERTIONS = NO;
				ENABLE_STRICT_OBJC_MSGSEND = YES;
				ENABLE_USER_SCRIPT_SANDBOXING = YES;
				GCC_C_LANGUAGE_STANDARD = gnu17;
				GCC_NO_COMMON_BLOCKS = YES;
				GCC_WARN_64_TO_32_BIT_CONVERSION = YES;
				GCC_WARN_ABOUT_RETURN_TYPE = YES_ERROR;
				GCC_WARN_UNDECLARED_SELECTOR = YES;
				GCC_WARN_UNINITIALIZED_AUTOS = YES_AGGRESSIVE;
				GCC_WARN_UNUSED_FUNCTION = YES;
				GCC_WARN_UNUSED_VARIABLE = YES;
				LOCALIZATION_PREFERS_STRING_CATALOGS = YES;
				MACOSX_DEPLOYMENT_TARGET = 14.0;
				MTL_ENABLE_DEBUG_INFO = NO;
				MTL_FAST_MATH = YES;
				SDKROOT = macosx;
			};
			name = Release;
		};
		3D971F172C86928200AD24B3 /* Debug */ = {
			isa = XCBuildConfiguration;
			buildSettings = {
				CODE_SIGN_STYLE = Automatic;
				DEVELOPMENT_TEAM = 23ULXV7A5W;
				ENABLE_HARDENED_RUNTIME = YES;
				PRODUCT_NAME = "$(TARGET_NAME)";
			};
			name = Debug;
		};
		3D971F182C86928200AD24B3 /* Release */ = {
			isa = XCBuildConfiguration;
			buildSettings = {
				CODE_SIGN_STYLE = Automatic;
				DEVELOPMENT_TEAM = 23ULXV7A5W;
				ENABLE_HARDENED_RUNTIME = YES;
				PRODUCT_NAME = "$(TARGET_NAME)";
			};
			name = Release;
		};
/* End XCBuildConfiguration section */

/* Begin XCConfigurationList section */
		3D971F0A2C86928200AD24B3 /* Build configuration list for PBXProject "C_Programming_Tutorial" */ = {
			isa = XCConfigurationList;
			buildConfigurations = (
				3D971F142C86928200AD24B3 /* Debug */,
				3D971F152C86928200AD24B3 /* Release */,
			);
			defaultConfigurationIsVisible = 0;
			defaultConfigurationName = Release;
		};
		3D971F162C86928200AD24B3 /* Build configuration list for PBXNativeTarget "C_Programming_Tutorial" */ = {
			isa = XCConfigurationList;
			buildConfigurations = (
				3D971F172C86928200AD24B3 /* Debug */,
				3D971F182C86928200AD24B3 /* Release */,
			);
			defaultConfigurationIsVisible = 0;
			defaultConfigurationName = Release;
		};
/* End XCConfigurationList section */
	};
	rootObject = 3D971F072C86928200AD24B3 /* Project object */;
}
